// !$*UTF8*$!
{
	archiveVersion = 1;
	classes = {
	};
	objectVersion = 55;
	objects = {

/* Begin PBXBuildFile section */
		3A0779892711ED7C0026BCAD /* ClientObjects.swift in Sources */ = {isa = PBXBuildFile; fileRef = 3A0779882711ED7C0026BCAD /* ClientObjects.swift */; };
		3A07798B271228D60026BCAD /* GetDataUser.swift in Sources */ = {isa = PBXBuildFile; fileRef = 3A07798A271228D60026BCAD /* GetDataUser.swift */; };
		3A07798D271229C20026BCAD /* RealmSettings.swift in Sources */ = {isa = PBXBuildFile; fileRef = 3A07798C271229C20026BCAD /* RealmSettings.swift */; };
		3A07798F27122CF30026BCAD /* MainMenu.storyboard in Resources */ = {isa = PBXBuildFile; fileRef = 3A07798E27122CF20026BCAD /* MainMenu.storyboard */; };
		3A0FC950270A52B600B6B2F6 /* AppDelegate.swift in Sources */ = {isa = PBXBuildFile; fileRef = 3A0FC94F270A52B600B6B2F6 /* AppDelegate.swift */; };
		3A0FC952270A52B700B6B2F6 /* SceneDelegate.swift in Sources */ = {isa = PBXBuildFile; fileRef = 3A0FC951270A52B700B6B2F6 /* SceneDelegate.swift */; };
		3A0FC95A270A52B700B6B2F6 /* ZaitsevBank.xcdatamodeld in Sources */ = {isa = PBXBuildFile; fileRef = 3A0FC958270A52B700B6B2F6 /* ZaitsevBank.xcdatamodeld */; };
		3A0FC95C270A52BA00B6B2F6 /* Assets.xcassets in Resources */ = {isa = PBXBuildFile; fileRef = 3A0FC95B270A52BA00B6B2F6 /* Assets.xcassets */; };
		3A0FC95F270A52BA00B6B2F6 /* LaunchScreen.storyboard in Resources */ = {isa = PBXBuildFile; fileRef = 3A0FC95D270A52BA00B6B2F6 /* LaunchScreen.storyboard */; };
		3A0FC971270A546600B6B2F6 /* LoginForm.storyboard in Resources */ = {isa = PBXBuildFile; fileRef = 3A0FC970270A546600B6B2F6 /* LoginForm.storyboard */; };
		3A0FC973270A547E00B6B2F6 /* LoginController.swift in Sources */ = {isa = PBXBuildFile; fileRef = 3A0FC972270A547E00B6B2F6 /* LoginController.swift */; };
		3A0FC975270A54A000B6B2F6 /* LoginModel.swift in Sources */ = {isa = PBXBuildFile; fileRef = 3A0FC974270A54A000B6B2F6 /* LoginModel.swift */; };
		3A2CDE6C2710B022005F0CF4 /* LastRegController.swift in Sources */ = {isa = PBXBuildFile; fileRef = 3A2CDE6B2710B022005F0CF4 /* LastRegController.swift */; };
		3A30489727139A010010A739 /* StartMenu.swift in Sources */ = {isa = PBXBuildFile; fileRef = 3A30489627139A010010A739 /* StartMenu.swift */; };
		3A30489A27139BAD0010A739 /* SafeLocalPassword.swift in Sources */ = {isa = PBXBuildFile; fileRef = 3A30489927139BAD0010A739 /* SafeLocalPassword.swift */; };
		3A3AE93F2712559B001FF068 /* Realm in Frameworks */ = {isa = PBXBuildFile; productRef = 3A3AE93E2712559B001FF068 /* Realm */; };
		3A3AE9412712559B001FF068 /* RealmSwift in Frameworks */ = {isa = PBXBuildFile; productRef = 3A3AE9402712559B001FF068 /* RealmSwift */; };
		3A3AE94B271276FA001FF068 /* Loading.gif in Resources */ = {isa = PBXBuildFile; fileRef = 3A3AE94A271276FA001FF068 /* Loading.gif */; };
		3A3AE94E271278A3001FF068 /* StartMainController.swift in Sources */ = {isa = PBXBuildFile; fileRef = 3A3AE94D271278A3001FF068 /* StartMainController.swift */; };
		3A82E62E272B645C0054F36C /* OffersViewCell.swift in Sources */ = {isa = PBXBuildFile; fileRef = 3A82E62D272B645C0054F36C /* OffersViewCell.swift */; };
		3A82E630272C43E20054F36C /* API.swift in Sources */ = {isa = PBXBuildFile; fileRef = 3A82E62F272C43E20054F36C /* API.swift */; };
		3A82E633272CC3150054F36C /* SwiftSoup in Frameworks */ = {isa = PBXBuildFile; productRef = 3A82E632272CC3150054F36C /* SwiftSoup */; };
		3A82E635272CD7C50054F36C /* DelayThread.swift in Sources */ = {isa = PBXBuildFile; fileRef = 3A82E634272CD7C50054F36C /* DelayThread.swift */; };
		3A85DED52713DF010059B5CB /* SettingApp.swift in Sources */ = {isa = PBXBuildFile; fileRef = 3A85DED42713DF010059B5CB /* SettingApp.swift */; };
		3A9A3DA6270B6AE1003A6A21 /* SHA256.swift in Sources */ = {isa = PBXBuildFile; fileRef = 3A9A3DA5270B6AE1003A6A21 /* SHA256.swift */; };
		3AAB4CD2270A7F7000697F8B /* AuthClien.swift in Sources */ = {isa = PBXBuildFile; fileRef = 3AAB4CD1270A7F7000697F8B /* AuthClien.swift */; };
		3AB687EA272218B2002BD6EB /* NavigationTabBarMain.swift in Sources */ = {isa = PBXBuildFile; fileRef = 3AB687E9272218B2002BD6EB /* NavigationTabBarMain.swift */; };
		3AB687EC272220B6002BD6EB /* PaymentsController.swift in Sources */ = {isa = PBXBuildFile; fileRef = 3AB687EB272220B6002BD6EB /* PaymentsController.swift */; };
		3AB687EE272221BC002BD6EB /* HistoryController.swift in Sources */ = {isa = PBXBuildFile; fileRef = 3AB687ED272221BC002BD6EB /* HistoryController.swift */; };
		3AB86B86270BAA62008D0823 /* RegistrationController.swift in Sources */ = {isa = PBXBuildFile; fileRef = 3AB86B85270BAA62008D0823 /* RegistrationController.swift */; };
		3AB86B89270CADC7008D0823 /* Extension.swift in Sources */ = {isa = PBXBuildFile; fileRef = 3AB86B88270CADC6008D0823 /* Extension.swift */; };
		3AB86B8B270CB6B3008D0823 /* CheckCorrectAuthData.swift in Sources */ = {isa = PBXBuildFile; fileRef = 3AB86B8A270CB6B3008D0823 /* CheckCorrectAuthData.swift */; };
		3AB86B8D270D0A84008D0823 /* FirstRegController.swift in Sources */ = {isa = PBXBuildFile; fileRef = 3AB86B8C270D0A84008D0823 /* FirstRegController.swift */; };
		3ACEFA9D2720AC6D004BD739 /* NavigationController.swift in Sources */ = {isa = PBXBuildFile; fileRef = 3ACEFA9C2720AC6D004BD739 /* NavigationController.swift */; };
		3ACEFAA32721EBB7004BD739 /* AuthFromFaceID.swift in Sources */ = {isa = PBXBuildFile; fileRef = 3ACEFAA22721EBB7004BD739 /* AuthFromFaceID.swift */; };
		3AD95367271DC7AB0081D50A /* LocalPassword.xib in Resources */ = {isa = PBXBuildFile; fileRef = 3AD95366271DC7AB0081D50A /* LocalPassword.xib */; };
		3AD95369271DC7DA0081D50A /* LocalPassword.swift in Sources */ = {isa = PBXBuildFile; fileRef = 3AD95368271DC7DA0081D50A /* LocalPassword.swift */; };
		3AF977A32714E595006C1B87 /* CoreDataModel.swift in Sources */ = {isa = PBXBuildFile; fileRef = 3AF977A22714E595006C1B87 /* CoreDataModel.swift */; };
		3AF977A92714EBD3006C1B87 /* Ecryption.swift in Sources */ = {isa = PBXBuildFile; fileRef = 3AF977A82714EBD3006C1B87 /* Ecryption.swift */; };
		3AF977B22714F080006C1B87 /* RNCryptor in Frameworks */ = {isa = PBXBuildFile; productRef = 3AF977B12714F080006C1B87 /* RNCryptor */; };
/* End PBXBuildFile section */

/* Begin PBXFileReference section */
		3A0779882711ED7C0026BCAD /* ClientObjects.swift */ = {isa = PBXFileReference; lastKnownFileType = sourcecode.swift; path = ClientObjects.swift; sourceTree = "<group>"; };
		3A07798A271228D60026BCAD /* GetDataUser.swift */ = {isa = PBXFileReference; lastKnownFileType = sourcecode.swift; path = GetDataUser.swift; sourceTree = "<group>"; };
		3A07798C271229C20026BCAD /* RealmSettings.swift */ = {isa = PBXFileReference; lastKnownFileType = sourcecode.swift; path = RealmSettings.swift; sourceTree = "<group>"; };
		3A07798E27122CF20026BCAD /* MainMenu.storyboard */ = {isa = PBXFileReference; lastKnownFileType = file.storyboard; path = MainMenu.storyboard; sourceTree = "<group>"; };
		3A0FC94C270A52B600B6B2F6 /* ZaitsevBank.app */ = {isa = PBXFileReference; explicitFileType = wrapper.application; includeInIndex = 0; path = ZaitsevBank.app; sourceTree = BUILT_PRODUCTS_DIR; };
		3A0FC94F270A52B600B6B2F6 /* AppDelegate.swift */ = {isa = PBXFileReference; lastKnownFileType = sourcecode.swift; path = AppDelegate.swift; sourceTree = "<group>"; };
		3A0FC951270A52B700B6B2F6 /* SceneDelegate.swift */ = {isa = PBXFileReference; lastKnownFileType = sourcecode.swift; path = SceneDelegate.swift; sourceTree = "<group>"; };
		3A0FC959270A52B700B6B2F6 /* ZaitsevBank.xcdatamodel */ = {isa = PBXFileReference; lastKnownFileType = wrapper.xcdatamodel; path = ZaitsevBank.xcdatamodel; sourceTree = "<group>"; };
		3A0FC95B270A52BA00B6B2F6 /* Assets.xcassets */ = {isa = PBXFileReference; lastKnownFileType = folder.assetcatalog; path = Assets.xcassets; sourceTree = "<group>"; };
		3A0FC95E270A52BA00B6B2F6 /* Base */ = {isa = PBXFileReference; lastKnownFileType = file.storyboard; name = Base; path = Base.lproj/LaunchScreen.storyboard; sourceTree = "<group>"; };
		3A0FC960270A52BA00B6B2F6 /* Info.plist */ = {isa = PBXFileReference; lastKnownFileType = text.plist.xml; path = Info.plist; sourceTree = "<group>"; };
		3A0FC970270A546600B6B2F6 /* LoginForm.storyboard */ = {isa = PBXFileReference; lastKnownFileType = file.storyboard; path = LoginForm.storyboard; sourceTree = "<group>"; };
		3A0FC972270A547E00B6B2F6 /* LoginController.swift */ = {isa = PBXFileReference; lastKnownFileType = sourcecode.swift; path = LoginController.swift; sourceTree = "<group>"; };
		3A0FC974270A54A000B6B2F6 /* LoginModel.swift */ = {isa = PBXFileReference; lastKnownFileType = sourcecode.swift; path = LoginModel.swift; sourceTree = "<group>"; };
		3A2CDE6B2710B022005F0CF4 /* LastRegController.swift */ = {isa = PBXFileReference; lastKnownFileType = sourcecode.swift; path = LastRegController.swift; sourceTree = "<group>"; };
		3A30489627139A010010A739 /* StartMenu.swift */ = {isa = PBXFileReference; lastKnownFileType = sourcecode.swift; path = StartMenu.swift; sourceTree = "<group>"; };
		3A30489927139BAD0010A739 /* SafeLocalPassword.swift */ = {isa = PBXFileReference; lastKnownFileType = sourcecode.swift; path = SafeLocalPassword.swift; sourceTree = "<group>"; };
		3A3AE94A271276FA001FF068 /* Loading.gif */ = {isa = PBXFileReference; lastKnownFileType = image.gif; path = Loading.gif; sourceTree = "<group>"; };
		3A3AE94D271278A3001FF068 /* StartMainController.swift */ = {isa = PBXFileReference; lastKnownFileType = sourcecode.swift; path = StartMainController.swift; sourceTree = "<group>"; };
		3A82E62D272B645C0054F36C /* OffersViewCell.swift */ = {isa = PBXFileReference; lastKnownFileType = sourcecode.swift; path = OffersViewCell.swift; sourceTree = "<group>"; };
		3A82E62F272C43E20054F36C /* API.swift */ = {isa = PBXFileReference; lastKnownFileType = sourcecode.swift; path = API.swift; sourceTree = "<group>"; };
		3A82E634272CD7C50054F36C /* DelayThread.swift */ = {isa = PBXFileReference; lastKnownFileType = sourcecode.swift; path = DelayThread.swift; sourceTree = "<group>"; };
		3A85DED42713DF010059B5CB /* SettingApp.swift */ = {isa = PBXFileReference; lastKnownFileType = sourcecode.swift; path = SettingApp.swift; sourceTree = "<group>"; };
		3A9A3DA5270B6AE1003A6A21 /* SHA256.swift */ = {isa = PBXFileReference; lastKnownFileType = sourcecode.swift; path = SHA256.swift; sourceTree = "<group>"; };
		3AAB4CD1270A7F7000697F8B /* AuthClien.swift */ = {isa = PBXFileReference; lastKnownFileType = sourcecode.swift; path = AuthClien.swift; sourceTree = "<group>"; };
		3AB687E9272218B2002BD6EB /* NavigationTabBarMain.swift */ = {isa = PBXFileReference; lastKnownFileType = sourcecode.swift; path = NavigationTabBarMain.swift; sourceTree = "<group>"; };
		3AB687EB272220B6002BD6EB /* PaymentsController.swift */ = {isa = PBXFileReference; lastKnownFileType = sourcecode.swift; path = PaymentsController.swift; sourceTree = "<group>"; };
		3AB687ED272221BC002BD6EB /* HistoryController.swift */ = {isa = PBXFileReference; lastKnownFileType = sourcecode.swift; path = HistoryController.swift; sourceTree = "<group>"; };
		3AB86B85270BAA62008D0823 /* RegistrationController.swift */ = {isa = PBXFileReference; lastKnownFileType = sourcecode.swift; path = RegistrationController.swift; sourceTree = "<group>"; };
		3AB86B88270CADC6008D0823 /* Extension.swift */ = {isa = PBXFileReference; lastKnownFileType = sourcecode.swift; path = Extension.swift; sourceTree = "<group>"; };
		3AB86B8A270CB6B3008D0823 /* CheckCorrectAuthData.swift */ = {isa = PBXFileReference; lastKnownFileType = sourcecode.swift; path = CheckCorrectAuthData.swift; sourceTree = "<group>"; };
		3AB86B8C270D0A84008D0823 /* FirstRegController.swift */ = {isa = PBXFileReference; lastKnownFileType = sourcecode.swift; path = FirstRegController.swift; sourceTree = "<group>"; };
		3ACEFA9C2720AC6D004BD739 /* NavigationController.swift */ = {isa = PBXFileReference; lastKnownFileType = sourcecode.swift; path = NavigationController.swift; sourceTree = "<group>"; };
		3ACEFAA22721EBB7004BD739 /* AuthFromFaceID.swift */ = {isa = PBXFileReference; lastKnownFileType = sourcecode.swift; path = AuthFromFaceID.swift; sourceTree = "<group>"; };
		3AD95366271DC7AB0081D50A /* LocalPassword.xib */ = {isa = PBXFileReference; lastKnownFileType = file.xib; path = LocalPassword.xib; sourceTree = "<group>"; };
		3AD95368271DC7DA0081D50A /* LocalPassword.swift */ = {isa = PBXFileReference; lastKnownFileType = sourcecode.swift; path = LocalPassword.swift; sourceTree = "<group>"; };
		3AF977A22714E595006C1B87 /* CoreDataModel.swift */ = {isa = PBXFileReference; lastKnownFileType = sourcecode.swift; path = CoreDataModel.swift; sourceTree = "<group>"; };
		3AF977A82714EBD3006C1B87 /* Ecryption.swift */ = {isa = PBXFileReference; lastKnownFileType = sourcecode.swift; path = Ecryption.swift; sourceTree = "<group>"; };
/* End PBXFileReference section */

/* Begin PBXFrameworksBuildPhase section */
		3A0FC949270A52B600B6B2F6 /* Frameworks */ = {
			isa = PBXFrameworksBuildPhase;
			buildActionMask = 2147483647;
			files = (
				3A3AE9412712559B001FF068 /* RealmSwift in Frameworks */,
				3A82E633272CC3150054F36C /* SwiftSoup in Frameworks */,
				3A3AE93F2712559B001FF068 /* Realm in Frameworks */,
				3AF977B22714F080006C1B87 /* RNCryptor in Frameworks */,
			);
			runOnlyForDeploymentPostprocessing = 0;
		};
/* End PBXFrameworksBuildPhase section */

/* Begin PBXGroup section */
		3A0FC943270A52B600B6B2F6 = {
			isa = PBXGroup;
			children = (
				3A0FC94E270A52B600B6B2F6 /* ZaitsevBank */,
				3A0FC94D270A52B600B6B2F6 /* Products */,
			);
			sourceTree = "<group>";
		};
		3A0FC94D270A52B600B6B2F6 /* Products */ = {
			isa = PBXGroup;
			children = (
				3A0FC94C270A52B600B6B2F6 /* ZaitsevBank.app */,
			);
			name = Products;
			sourceTree = "<group>";
		};
		3A0FC94E270A52B600B6B2F6 /* ZaitsevBank */ = {
			isa = PBXGroup;
			children = (
				3A30489827139B7D0010A739 /* FunctionFromBank */,
				3AB86B87270CAD8A008D0823 /* ViewsHelp */,
				3AAB4CCD270A7EF100697F8B /* ClienMongoDB */,
				3A0FC96D270A543700B6B2F6 /* View */,
				3A0FC967270A530200B6B2F6 /* ViewModels */,
				3A0FC966270A52F400B6B2F6 /* Models */,
				3A0FC94F270A52B600B6B2F6 /* AppDelegate.swift */,
				3A0FC951270A52B700B6B2F6 /* SceneDelegate.swift */,
				3A0FC95B270A52BA00B6B2F6 /* Assets.xcassets */,
				3A0FC95D270A52BA00B6B2F6 /* LaunchScreen.storyboard */,
				3A0FC960270A52BA00B6B2F6 /* Info.plist */,
				3A0FC958270A52B700B6B2F6 /* ZaitsevBank.xcdatamodeld */,
			);
			path = ZaitsevBank;
			sourceTree = "<group>";
		};
		3A0FC966270A52F400B6B2F6 /* Models */ = {
			isa = PBXGroup;
			children = (
				3A304894271399D60010A739 /* MainMenu */,
				3A0FC96F270A544D00B6B2F6 /* LoginForm */,
			);
			path = Models;
			sourceTree = "<group>";
		};
		3A0FC967270A530200B6B2F6 /* ViewModels */ = {
			isa = PBXGroup;
			children = (
				3A3AE94C27127883001FF068 /* MainMenu */,
				3A0FC968270A531100B6B2F6 /* LoginForm */,
			);
			path = ViewModels;
			sourceTree = "<group>";
		};
		3A0FC968270A531100B6B2F6 /* LoginForm */ = {
			isa = PBXGroup;
			children = (
				3ACEFA9C2720AC6D004BD739 /* NavigationController.swift */,
				3A0FC972270A547E00B6B2F6 /* LoginController.swift */,
				3AB86B85270BAA62008D0823 /* RegistrationController.swift */,
				3AB86B8C270D0A84008D0823 /* FirstRegController.swift */,
				3A2CDE6B2710B022005F0CF4 /* LastRegController.swift */,
			);
			path = LoginForm;
			sourceTree = "<group>";
		};
		3A0FC96D270A543700B6B2F6 /* View */ = {
			isa = PBXGroup;
			children = (
				3A0FC970270A546600B6B2F6 /* LoginForm.storyboard */,
				3A07798E27122CF20026BCAD /* MainMenu.storyboard */,
			);
			path = View;
			sourceTree = "<group>";
		};
		3A0FC96F270A544D00B6B2F6 /* LoginForm */ = {
			isa = PBXGroup;
			children = (
				3A0FC974270A54A000B6B2F6 /* LoginModel.swift */,
			);
			path = LoginForm;
			sourceTree = "<group>";
		};
		3A304894271399D60010A739 /* MainMenu */ = {
			isa = PBXGroup;
			children = (
				3A30489627139A010010A739 /* StartMenu.swift */,
			);
			path = MainMenu;
			sourceTree = "<group>";
		};
		3A30489827139B7D0010A739 /* FunctionFromBank */ = {
			isa = PBXGroup;
			children = (
				3AF977A22714E595006C1B87 /* CoreDataModel.swift */,
				3A30489927139BAD0010A739 /* SafeLocalPassword.swift */,
				3A85DED42713DF010059B5CB /* SettingApp.swift */,
				3AF977A82714EBD3006C1B87 /* Ecryption.swift */,
				3ACEFAA22721EBB7004BD739 /* AuthFromFaceID.swift */,
				3A82E62F272C43E20054F36C /* API.swift */,
				3A82E634272CD7C50054F36C /* DelayThread.swift */,
			);
			path = FunctionFromBank;
			sourceTree = "<group>";
		};
		3A3AE94C27127883001FF068 /* MainMenu */ = {
			isa = PBXGroup;
			children = (
				3A82E62C272B63E80054F36C /* StartMain */,
				3AB687E9272218B2002BD6EB /* NavigationTabBarMain.swift */,
				3AB687EB272220B6002BD6EB /* PaymentsController.swift */,
				3AB687ED272221BC002BD6EB /* HistoryController.swift */,
			);
			path = MainMenu;
			sourceTree = "<group>";
		};
		3A82E62C272B63E80054F36C /* StartMain */ = {
			isa = PBXGroup;
			children = (
				3A3AE94D271278A3001FF068 /* StartMainController.swift */,
				3A82E62D272B645C0054F36C /* OffersViewCell.swift */,
			);
			path = StartMain;
			sourceTree = "<group>";
		};
		3AAB4CCD270A7EF100697F8B /* ClienMongoDB */ = {
			isa = PBXGroup;
			children = (
				3AAB4CCF270A7F4500697F8B /* ModelRealm */,
				3AAB4CCE270A7F3C00697F8B /* Function */,
			);
			path = ClienMongoDB;
			sourceTree = "<group>";
		};
		3AAB4CCE270A7F3C00697F8B /* Function */ = {
			isa = PBXGroup;
			children = (
				3AAB4CD1270A7F7000697F8B /* AuthClien.swift */,
				3A9A3DA5270B6AE1003A6A21 /* SHA256.swift */,
				3AB86B8A270CB6B3008D0823 /* CheckCorrectAuthData.swift */,
				3A07798A271228D60026BCAD /* GetDataUser.swift */,
				3A07798C271229C20026BCAD /* RealmSettings.swift */,
			);
			path = Function;
			sourceTree = "<group>";
		};
		3AAB4CCF270A7F4500697F8B /* ModelRealm */ = {
			isa = PBXGroup;
			children = (
				3A0779882711ED7C0026BCAD /* ClientObjects.swift */,
			);
			path = ModelRealm;
			sourceTree = "<group>";
		};
		3AB86B87270CAD8A008D0823 /* ViewsHelp */ = {
			isa = PBXGroup;
			children = (
				3A3AE94A271276FA001FF068 /* Loading.gif */,
				3AB86B88270CADC6008D0823 /* Extension.swift */,
				3AD95366271DC7AB0081D50A /* LocalPassword.xib */,
				3AD95368271DC7DA0081D50A /* LocalPassword.swift */,
			);
			path = ViewsHelp;
			sourceTree = "<group>";
		};
/* End PBXGroup section */

/* Begin PBXNativeTarget section */
		3A0FC94B270A52B600B6B2F6 /* ZaitsevBank */ = {
			isa = PBXNativeTarget;
			buildConfigurationList = 3A0FC963270A52BA00B6B2F6 /* Build configuration list for PBXNativeTarget "ZaitsevBank" */;
			buildPhases = (
				3A0FC948270A52B600B6B2F6 /* Sources */,
				3A0FC949270A52B600B6B2F6 /* Frameworks */,
				3A0FC94A270A52B600B6B2F6 /* Resources */,
			);
			buildRules = (
			);
			dependencies = (
			);
			name = ZaitsevBank;
			packageProductDependencies = (
				3A3AE93E2712559B001FF068 /* Realm */,
				3A3AE9402712559B001FF068 /* RealmSwift */,
				3AF977B12714F080006C1B87 /* RNCryptor */,
				3A82E632272CC3150054F36C /* SwiftSoup */,
			);
			productName = ZaitsevBank;
			productReference = 3A0FC94C270A52B600B6B2F6 /* ZaitsevBank.app */;
			productType = "com.apple.product-type.application";
		};
/* End PBXNativeTarget section */

/* Begin PBXProject section */
		3A0FC944270A52B600B6B2F6 /* Project object */ = {
			isa = PBXProject;
			attributes = {
				BuildIndependentTargetsInParallel = 1;
				KnownAssetTags = (
					Loading,
				);
				LastSwiftUpdateCheck = 1300;
				LastUpgradeCheck = 1300;
				TargetAttributes = {
					3A0FC94B270A52B600B6B2F6 = {
						CreatedOnToolsVersion = 13.0;
					};
				};
			};
			buildConfigurationList = 3A0FC947270A52B600B6B2F6 /* Build configuration list for PBXProject "ZaitsevBank" */;
			compatibilityVersion = "Xcode 13.0";
			developmentRegion = en;
			hasScannedForEncodings = 0;
			knownRegions = (
				en,
				Base,
			);
			mainGroup = 3A0FC943270A52B600B6B2F6;
			packageReferences = (
				3A3AE93D2712559B001FF068 /* XCRemoteSwiftPackageReference "realm-cocoa" */,
				3AF977B02714F080006C1B87 /* XCRemoteSwiftPackageReference "RNCryptor" */,
				3A82E631272CC3150054F36C /* XCRemoteSwiftPackageReference "SwiftSoup" */,
			);
			productRefGroup = 3A0FC94D270A52B600B6B2F6 /* Products */;
			projectDirPath = "";
			projectRoot = "";
			targets = (
				3A0FC94B270A52B600B6B2F6 /* ZaitsevBank */,
			);
		};
/* End PBXProject section */

/* Begin PBXResourcesBuildPhase section */
		3A0FC94A270A52B600B6B2F6 /* Resources */ = {
			isa = PBXResourcesBuildPhase;
			buildActionMask = 2147483647;
			files = (
				3A07798F27122CF30026BCAD /* MainMenu.storyboard in Resources */,
				3AD95367271DC7AB0081D50A /* LocalPassword.xib in Resources */,
				3A0FC971270A546600B6B2F6 /* LoginForm.storyboard in Resources */,
				3A3AE94B271276FA001FF068 /* Loading.gif in Resources */,
				3A0FC95F270A52BA00B6B2F6 /* LaunchScreen.storyboard in Resources */,
				3A0FC95C270A52BA00B6B2F6 /* Assets.xcassets in Resources */,
			);
			runOnlyForDeploymentPostprocessing = 0;
		};
/* End PBXResourcesBuildPhase section */

/* Begin PBXSourcesBuildPhase section */
		3A0FC948270A52B600B6B2F6 /* Sources */ = {
			isa = PBXSourcesBuildPhase;
			buildActionMask = 2147483647;
			files = (
				3A85DED52713DF010059B5CB /* SettingApp.swift in Sources */,
				3A30489727139A010010A739 /* StartMenu.swift in Sources */,
				3A2CDE6C2710B022005F0CF4 /* LastRegController.swift in Sources */,
				3A82E62E272B645C0054F36C /* OffersViewCell.swift in Sources */,
				3A07798B271228D60026BCAD /* GetDataUser.swift in Sources */,
				3AB86B89270CADC7008D0823 /* Extension.swift in Sources */,
				3A0FC950270A52B600B6B2F6 /* AppDelegate.swift in Sources */,
				3A9A3DA6270B6AE1003A6A21 /* SHA256.swift in Sources */,
				3AAB4CD2270A7F7000697F8B /* AuthClien.swift in Sources */,
				3A0FC975270A54A000B6B2F6 /* LoginModel.swift in Sources */,
				3AD95369271DC7DA0081D50A /* LocalPassword.swift in Sources */,
				3A07798D271229C20026BCAD /* RealmSettings.swift in Sources */,
				3A30489A27139BAD0010A739 /* SafeLocalPassword.swift in Sources */,
				3AF977A92714EBD3006C1B87 /* Ecryption.swift in Sources */,
				3A82E630272C43E20054F36C /* API.swift in Sources */,
				3AB687EA272218B2002BD6EB /* NavigationTabBarMain.swift in Sources */,
				3AB687EC272220B6002BD6EB /* PaymentsController.swift in Sources */,
				3AB86B8D270D0A84008D0823 /* FirstRegController.swift in Sources */,
				3A0FC95A270A52B700B6B2F6 /* ZaitsevBank.xcdatamodeld in Sources */,
				3ACEFA9D2720AC6D004BD739 /* NavigationController.swift in Sources */,
				3A0779892711ED7C0026BCAD /* ClientObjects.swift in Sources */,
				3ACEFAA32721EBB7004BD739 /* AuthFromFaceID.swift in Sources */,
				3A3AE94E271278A3001FF068 /* StartMainController.swift in Sources */,
				3A82E635272CD7C50054F36C /* DelayThread.swift in Sources */,
				3A0FC952270A52B700B6B2F6 /* SceneDelegate.swift in Sources */,
				3AB687EE272221BC002BD6EB /* HistoryController.swift in Sources */,
				3AB86B8B270CB6B3008D0823 /* CheckCorrectAuthData.swift in Sources */,
				3AB86B86270BAA62008D0823 /* RegistrationController.swift in Sources */,
				3AF977A32714E595006C1B87 /* CoreDataModel.swift in Sources */,
				3A0FC973270A547E00B6B2F6 /* LoginController.swift in Sources */,
			);
			runOnlyForDeploymentPostprocessing = 0;
		};
/* End PBXSourcesBuildPhase section */

/* Begin PBXVariantGroup section */
		3A0FC95D270A52BA00B6B2F6 /* LaunchScreen.storyboard */ = {
			isa = PBXVariantGroup;
			children = (
				3A0FC95E270A52BA00B6B2F6 /* Base */,
			);
			name = LaunchScreen.storyboard;
			sourceTree = "<group>";
		};
/* End PBXVariantGroup section */

/* Begin XCBuildConfiguration section */
		3A0FC961270A52BA00B6B2F6 /* Debug */ = {
			isa = XCBuildConfiguration;
			buildSettings = {
				ALWAYS_SEARCH_USER_PATHS = NO;
				CLANG_ANALYZER_NONNULL = YES;
				CLANG_ANALYZER_NUMBER_OBJECT_CONVERSION = YES_AGGRESSIVE;
				CLANG_CXX_LANGUAGE_STANDARD = "gnu++17";
				CLANG_CXX_LIBRARY = "libc++";
				CLANG_ENABLE_MODULES = YES;
				CLANG_ENABLE_OBJC_ARC = YES;
				CLANG_ENABLE_OBJC_WEAK = YES;
				CLANG_WARN_BLOCK_CAPTURE_AUTORELEASING = YES;
				CLANG_WARN_BOOL_CONVERSION = YES;
				CLANG_WARN_COMMA = YES;
				CLANG_WARN_CONSTANT_CONVERSION = YES;
				CLANG_WARN_DEPRECATED_OBJC_IMPLEMENTATIONS = YES;
				CLANG_WARN_DIRECT_OBJC_ISA_USAGE = YES_ERROR;
				CLANG_WARN_DOCUMENTATION_COMMENTS = YES;
				CLANG_WARN_EMPTY_BODY = YES;
				CLANG_WARN_ENUM_CONVERSION = YES;
				CLANG_WARN_INFINITE_RECURSION = YES;
				CLANG_WARN_INT_CONVERSION = YES;
				CLANG_WARN_NON_LITERAL_NULL_CONVERSION = YES;
				CLANG_WARN_OBJC_IMPLICIT_RETAIN_SELF = YES;
				CLANG_WARN_OBJC_LITERAL_CONVERSION = YES;
				CLANG_WARN_OBJC_ROOT_CLASS = YES_ERROR;
				CLANG_WARN_QUOTED_INCLUDE_IN_FRAMEWORK_HEADER = YES;
				CLANG_WARN_RANGE_LOOP_ANALYSIS = YES;
				CLANG_WARN_STRICT_PROTOTYPES = YES;
				CLANG_WARN_SUSPICIOUS_MOVE = YES;
				CLANG_WARN_UNGUARDED_AVAILABILITY = YES_AGGRESSIVE;
				CLANG_WARN_UNREACHABLE_CODE = YES;
				CLANG_WARN__DUPLICATE_METHOD_MATCH = YES;
				COPY_PHASE_STRIP = NO;
				DEBUG_INFORMATION_FORMAT = dwarf;
				ENABLE_STRICT_OBJC_MSGSEND = YES;
				ENABLE_TESTABILITY = YES;
				GCC_C_LANGUAGE_STANDARD = gnu11;
				GCC_DYNAMIC_NO_PIC = NO;
				GCC_NO_COMMON_BLOCKS = YES;
				GCC_OPTIMIZATION_LEVEL = 0;
				GCC_PREPROCESSOR_DEFINITIONS = (
					"DEBUG=1",
					"$(inherited)",
				);
				GCC_WARN_64_TO_32_BIT_CONVERSION = YES;
				GCC_WARN_ABOUT_RETURN_TYPE = YES_ERROR;
				GCC_WARN_UNDECLARED_SELECTOR = YES;
				GCC_WARN_UNINITIALIZED_AUTOS = YES_AGGRESSIVE;
				GCC_WARN_UNUSED_FUNCTION = YES;
				GCC_WARN_UNUSED_VARIABLE = YES;
				IPHONEOS_DEPLOYMENT_TARGET = 15.0;
				MTL_ENABLE_DEBUG_INFO = INCLUDE_SOURCE;
				MTL_FAST_MATH = YES;
				ONLY_ACTIVE_ARCH = YES;
				SDKROOT = iphoneos;
				SWIFT_ACTIVE_COMPILATION_CONDITIONS = DEBUG;
				SWIFT_OPTIMIZATION_LEVEL = "-Onone";
				SWIFT_VERSION = 5.0;
			};
			name = Debug;
		};
		3A0FC962270A52BA00B6B2F6 /* Release */ = {
			isa = XCBuildConfiguration;
			buildSettings = {
				ALWAYS_SEARCH_USER_PATHS = NO;
				CLANG_ANALYZER_NONNULL = YES;
				CLANG_ANALYZER_NUMBER_OBJECT_CONVERSION = YES_AGGRESSIVE;
				CLANG_CXX_LANGUAGE_STANDARD = "gnu++17";
				CLANG_CXX_LIBRARY = "libc++";
				CLANG_ENABLE_MODULES = YES;
				CLANG_ENABLE_OBJC_ARC = YES;
				CLANG_ENABLE_OBJC_WEAK = YES;
				CLANG_WARN_BLOCK_CAPTURE_AUTORELEASING = YES;
				CLANG_WARN_BOOL_CONVERSION = YES;
				CLANG_WARN_COMMA = YES;
				CLANG_WARN_CONSTANT_CONVERSION = YES;
				CLANG_WARN_DEPRECATED_OBJC_IMPLEMENTATIONS = YES;
				CLANG_WARN_DIRECT_OBJC_ISA_USAGE = YES_ERROR;
				CLANG_WARN_DOCUMENTATION_COMMENTS = YES;
				CLANG_WARN_EMPTY_BODY = YES;
				CLANG_WARN_ENUM_CONVERSION = YES;
				CLANG_WARN_INFINITE_RECURSION = YES;
				CLANG_WARN_INT_CONVERSION = YES;
				CLANG_WARN_NON_LITERAL_NULL_CONVERSION = YES;
				CLANG_WARN_OBJC_IMPLICIT_RETAIN_SELF = YES;
				CLANG_WARN_OBJC_LITERAL_CONVERSION = YES;
				CLANG_WARN_OBJC_ROOT_CLASS = YES_ERROR;
				CLANG_WARN_QUOTED_INCLUDE_IN_FRAMEWORK_HEADER = YES;
				CLANG_WARN_RANGE_LOOP_ANALYSIS = YES;
				CLANG_WARN_STRICT_PROTOTYPES = YES;
				CLANG_WARN_SUSPICIOUS_MOVE = YES;
				CLANG_WARN_UNGUARDED_AVAILABILITY = YES_AGGRESSIVE;
				CLANG_WARN_UNREACHABLE_CODE = YES;
				CLANG_WARN__DUPLICATE_METHOD_MATCH = YES;
				COPY_PHASE_STRIP = NO;
				DEBUG_INFORMATION_FORMAT = "dwarf-with-dsym";
				ENABLE_NS_ASSERTIONS = NO;
				ENABLE_STRICT_OBJC_MSGSEND = YES;
				GCC_C_LANGUAGE_STANDARD = gnu11;
				GCC_NO_COMMON_BLOCKS = YES;
				GCC_WARN_64_TO_32_BIT_CONVERSION = YES;
				GCC_WARN_ABOUT_RETURN_TYPE = YES_ERROR;
				GCC_WARN_UNDECLARED_SELECTOR = YES;
				GCC_WARN_UNINITIALIZED_AUTOS = YES_AGGRESSIVE;
				GCC_WARN_UNUSED_FUNCTION = YES;
				GCC_WARN_UNUSED_VARIABLE = YES;
				IPHONEOS_DEPLOYMENT_TARGET = 15.0;
				MTL_ENABLE_DEBUG_INFO = NO;
				MTL_FAST_MATH = YES;
				SDKROOT = iphoneos;
				SWIFT_COMPILATION_MODE = wholemodule;
				SWIFT_OPTIMIZATION_LEVEL = "-O";
				SWIFT_VERSION = 5.0;
				VALIDATE_PRODUCT = YES;
			};
			name = Release;
		};
		3A0FC964270A52BA00B6B2F6 /* Debug */ = {
			isa = XCBuildConfiguration;
			buildSettings = {
				ASSETCATALOG_COMPILER_APPICON_NAME = AppIcon;
				ASSETCATALOG_COMPILER_GLOBAL_ACCENT_COLOR_NAME = AccentColor;
				CODE_SIGN_STYLE = Automatic;
				CURRENT_PROJECT_VERSION = 1;
				DEVELOPMENT_TEAM = NSG4H6VR66;
				GENERATE_INFOPLIST_FILE = YES;
				INFOPLIST_FILE = ZaitsevBank/Info.plist;
				INFOPLIST_KEY_UIApplicationSupportsIndirectInputEvents = YES;
				INFOPLIST_KEY_UILaunchStoryboardName = LaunchScreen;
				INFOPLIST_KEY_UIMainStoryboardFile = LoginForm;
				INFOPLIST_KEY_UISupportedInterfaceOrientations_iPad = "UIInterfaceOrientationPortrait UIInterfaceOrientationPortraitUpsideDown UIInterfaceOrientationLandscapeLeft UIInterfaceOrientationLandscapeRight";
				INFOPLIST_KEY_UISupportedInterfaceOrientations_iPhone = "UIInterfaceOrientationPortrait UIInterfaceOrientationLandscapeLeft UIInterfaceOrientationLandscapeRight";
				LD_RUNPATH_SEARCH_PATHS = (
					"$(inherited)",
					"@executable_path/Frameworks",
				);
				MARKETING_VERSION = 1.0;
				PRODUCT_BUNDLE_IDENTIFIER = com.zaitsev.ZaitsevBank;
				PRODUCT_NAME = "$(TARGET_NAME)";
				SWIFT_EMIT_LOC_STRINGS = YES;
				SWIFT_VERSION = 5.0;
				TARGETED_DEVICE_FAMILY = 1;
			};
			name = Debug;
		};
		3A0FC965270A52BA00B6B2F6 /* Release */ = {
			isa = XCBuildConfiguration;
			buildSettings = {
				ASSETCATALOG_COMPILER_APPICON_NAME = AppIcon;
				ASSETCATALOG_COMPILER_GLOBAL_ACCENT_COLOR_NAME = AccentColor;
				CODE_SIGN_STYLE = Automatic;
				CURRENT_PROJECT_VERSION = 1;
				DEVELOPMENT_TEAM = NSG4H6VR66;
				GENERATE_INFOPLIST_FILE = YES;
				INFOPLIST_FILE = ZaitsevBank/Info.plist;
				INFOPLIST_KEY_UIApplicationSupportsIndirectInputEvents = YES;
				INFOPLIST_KEY_UILaunchStoryboardName = LaunchScreen;
				INFOPLIST_KEY_UIMainStoryboardFile = LoginForm;
				INFOPLIST_KEY_UISupportedInterfaceOrientations_iPad = "UIInterfaceOrientationPortrait UIInterfaceOrientationPortraitUpsideDown UIInterfaceOrientationLandscapeLeft UIInterfaceOrientationLandscapeRight";
				INFOPLIST_KEY_UISupportedInterfaceOrientations_iPhone = "UIInterfaceOrientationPortrait UIInterfaceOrientationLandscapeLeft UIInterfaceOrientationLandscapeRight";
				LD_RUNPATH_SEARCH_PATHS = (
					"$(inherited)",
					"@executable_path/Frameworks",
				);
				MARKETING_VERSION = 1.0;
				PRODUCT_BUNDLE_IDENTIFIER = com.zaitsev.ZaitsevBank;
				PRODUCT_NAME = "$(TARGET_NAME)";
				SWIFT_EMIT_LOC_STRINGS = YES;
				SWIFT_VERSION = 5.0;
				TARGETED_DEVICE_FAMILY = 1;
			};
			name = Release;
		};
/* End XCBuildConfiguration section */

/* Begin XCConfigurationList section */
		3A0FC947270A52B600B6B2F6 /* Build configuration list for PBXProject "ZaitsevBank" */ = {
			isa = XCConfigurationList;
			buildConfigurations = (
				3A0FC961270A52BA00B6B2F6 /* Debug */,
				3A0FC962270A52BA00B6B2F6 /* Release */,
			);
			defaultConfigurationIsVisible = 0;
			defaultConfigurationName = Debug;
		};
		3A0FC963270A52BA00B6B2F6 /* Build configuration list for PBXNativeTarget "ZaitsevBank" */ = {
			isa = XCConfigurationList;
			buildConfigurations = (
				3A0FC964270A52BA00B6B2F6 /* Debug */,
				3A0FC965270A52BA00B6B2F6 /* Release */,
			);
			defaultConfigurationIsVisible = 0;
			defaultConfigurationName = Debug;
		};
/* End XCConfigurationList section */

/* Begin XCRemoteSwiftPackageReference section */
		3A3AE93D2712559B001FF068 /* XCRemoteSwiftPackageReference "realm-cocoa" */ = {
			isa = XCRemoteSwiftPackageReference;
			repositoryURL = "https://github.com/realm/realm-cocoa";
			requirement = {
				kind = upToNextMajorVersion;
				minimumVersion = 10.17.0;
			};
		};
		3A82E631272CC3150054F36C /* XCRemoteSwiftPackageReference "SwiftSoup" */ = {
			isa = XCRemoteSwiftPackageReference;
			repositoryURL = "https://github.com/scinfu/SwiftSoup";
			requirement = {
				kind = upToNextMajorVersion;
				minimumVersion = 2.0.0;
			};
		};
		3AF977B02714F080006C1B87 /* XCRemoteSwiftPackageReference "RNCryptor" */ = {
			isa = XCRemoteSwiftPackageReference;
			repositoryURL = "https://github.com/RNCryptor/RNCryptor";
			requirement = {
				kind = upToNextMajorVersion;
				minimumVersion = 5.0.0;
			};
		};
/* End XCRemoteSwiftPackageReference section */

/* Begin XCSwiftPackageProductDependency section */
		3A3AE93E2712559B001FF068 /* Realm */ = {
			isa = XCSwiftPackageProductDependency;
			package = 3A3AE93D2712559B001FF068 /* XCRemoteSwiftPackageReference "realm-cocoa" */;
			productName = Realm;
		};
		3A3AE9402712559B001FF068 /* RealmSwift */ = {
			isa = XCSwiftPackageProductDependency;
			package = 3A3AE93D2712559B001FF068 /* XCRemoteSwiftPackageReference "realm-cocoa" */;
			productName = RealmSwift;
		};
		3A82E632272CC3150054F36C /* SwiftSoup */ = {
			isa = XCSwiftPackageProductDependency;
			package = 3A82E631272CC3150054F36C /* XCRemoteSwiftPackageReference "SwiftSoup" */;
			productName = SwiftSoup;
		};
		3AF977B12714F080006C1B87 /* RNCryptor */ = {
			isa = XCSwiftPackageProductDependency;
			package = 3AF977B02714F080006C1B87 /* XCRemoteSwiftPackageReference "RNCryptor" */;
			productName = RNCryptor;
		};
/* End XCSwiftPackageProductDependency section */

/* Begin XCVersionGroup section */
		3A0FC958270A52B700B6B2F6 /* ZaitsevBank.xcdatamodeld */ = {
			isa = XCVersionGroup;
			children = (
				3A0FC959270A52B700B6B2F6 /* ZaitsevBank.xcdatamodel */,
			);
			currentVersion = 3A0FC959270A52B700B6B2F6 /* ZaitsevBank.xcdatamodel */;
			path = ZaitsevBank.xcdatamodeld;
			sourceTree = "<group>";
			versionGroupType = wrapper.xcdatamodel;
		};
/* End XCVersionGroup section */
	};
	rootObject = 3A0FC944270A52B600B6B2F6 /* Project object */;
}
