// !$*UTF8*$!
{
	archiveVersion = 1;
	classes = {
	};
	objectVersion = 55;
	objects = {

/* Begin PBXBuildFile section */
		3A07798F27122CF30026BCAD /* MainMenu.storyboard in Resources */ = {isa = PBXBuildFile; fileRef = 3A07798E27122CF20026BCAD /* MainMenu.storyboard */; };
		3A0787F42777207100F678DD /* RNCryptor in Frameworks */ = {isa = PBXBuildFile; productRef = 3A0787F32777207100F678DD /* RNCryptor */; };
		3A0787F72777208400F678DD /* SWXMLHash in Frameworks */ = {isa = PBXBuildFile; productRef = 3A0787F62777208400F678DD /* SWXMLHash */; };
		3A0787F92778851900F678DD /* API_VALUTE.swift in Sources */ = {isa = PBXBuildFile; fileRef = 3A0787F82778851900F678DD /* API_VALUTE.swift */; };
		3A0787FB2778854500F678DD /* API_VALUTE_FULL.swift in Sources */ = {isa = PBXBuildFile; fileRef = 3A0787FA2778854500F678DD /* API_VALUTE_FULL.swift */; };
		3A0788002778893F00F678DD /* ExtensionFuncBank.swift in Sources */ = {isa = PBXBuildFile; fileRef = 3A0787FF2778893F00F678DD /* ExtensionFuncBank.swift */; };
		3A0862E027382776000C5407 /* ValuteStructures.swift in Sources */ = {isa = PBXBuildFile; fileRef = 3A0862DF27382776000C5407 /* ValuteStructures.swift */; };
		3A0FC950270A52B600B6B2F6 /* AppDelegate.swift in Sources */ = {isa = PBXBuildFile; fileRef = 3A0FC94F270A52B600B6B2F6 /* AppDelegate.swift */; };
		3A0FC952270A52B700B6B2F6 /* SceneDelegate.swift in Sources */ = {isa = PBXBuildFile; fileRef = 3A0FC951270A52B700B6B2F6 /* SceneDelegate.swift */; };
		3A0FC95A270A52B700B6B2F6 /* ZaitsevBank.xcdatamodeld in Sources */ = {isa = PBXBuildFile; fileRef = 3A0FC958270A52B700B6B2F6 /* ZaitsevBank.xcdatamodeld */; };
		3A0FC95C270A52BA00B6B2F6 /* Assets.xcassets in Resources */ = {isa = PBXBuildFile; fileRef = 3A0FC95B270A52BA00B6B2F6 /* Assets.xcassets */; };
		3A0FC95F270A52BA00B6B2F6 /* LaunchScreen.storyboard in Resources */ = {isa = PBXBuildFile; fileRef = 3A0FC95D270A52BA00B6B2F6 /* LaunchScreen.storyboard */; };
		3A0FC971270A546600B6B2F6 /* LoginForm.storyboard in Resources */ = {isa = PBXBuildFile; fileRef = 3A0FC970270A546600B6B2F6 /* LoginForm.storyboard */; };
		3A0FC973270A547E00B6B2F6 /* LoginController.swift in Sources */ = {isa = PBXBuildFile; fileRef = 3A0FC972270A547E00B6B2F6 /* LoginController.swift */; };
		3A0FC975270A54A000B6B2F6 /* LoginModel.swift in Sources */ = {isa = PBXBuildFile; fileRef = 3A0FC974270A54A000B6B2F6 /* LoginModel.swift */; };
		3A12C8752815A0B900EE1CC2 /* TransferMenu.storyboard in Resources */ = {isa = PBXBuildFile; fileRef = 3A12C8742815A0B900EE1CC2 /* TransferMenu.storyboard */; };
		3A12C8772815A60200EE1CC2 /* OperationPayments.swift in Sources */ = {isa = PBXBuildFile; fileRef = 3A12C8762815A60200EE1CC2 /* OperationPayments.swift */; };
		3A12C87A2815CCA600EE1CC2 /* TransferCameraController.swift in Sources */ = {isa = PBXBuildFile; fileRef = 3A12C8792815CCA600EE1CC2 /* TransferCameraController.swift */; };
		3A21F5F82743CF9200D7E0CD /* ValuteMenu.storyboard in Resources */ = {isa = PBXBuildFile; fileRef = 3A21F5F72743CF9200D7E0CD /* ValuteMenu.storyboard */; };
		3A2BCAF62743E34000189086 /* ExchangeRateController.swift in Sources */ = {isa = PBXBuildFile; fileRef = 3A2BCAF52743E34000189086 /* ExchangeRateController.swift */; };
		3A2CDE6C2710B022005F0CF4 /* LastRegController.swift in Sources */ = {isa = PBXBuildFile; fileRef = 3A2CDE6B2710B022005F0CF4 /* LastRegController.swift */; };
		3A2EDDAE2830531B00F47577 /* TransferContactsModel.swift in Sources */ = {isa = PBXBuildFile; fileRef = 3A2EDDAD2830531B00F47577 /* TransferContactsModel.swift */; };
		3A2EDDB12830542B00F47577 /* ContactCell.swift in Sources */ = {isa = PBXBuildFile; fileRef = 3A2EDDB02830542B00F47577 /* ContactCell.swift */; };
		3A30489727139A010010A739 /* StartMenu.swift in Sources */ = {isa = PBXBuildFile; fileRef = 3A30489627139A010010A739 /* StartMenu.swift */; };
		3A30489A27139BAD0010A739 /* SafeLocalPassword.swift in Sources */ = {isa = PBXBuildFile; fileRef = 3A30489927139BAD0010A739 /* SafeLocalPassword.swift */; };
		3A36DAF427417F5000F9CE9C /* CardGenerator.swift in Sources */ = {isa = PBXBuildFile; fileRef = 3A36DAF327417F5000F9CE9C /* CardGenerator.swift */; };
		3A3700D427530DC700387894 /* CardViewer.storyboard in Resources */ = {isa = PBXBuildFile; fileRef = 3A3700D327530DC700387894 /* CardViewer.storyboard */; };
		3A3AE94B271276FA001FF068 /* Loading.gif in Resources */ = {isa = PBXBuildFile; fileRef = 3A3AE94A271276FA001FF068 /* Loading.gif */; };
		3A3AE94E271278A3001FF068 /* StartMainController.swift in Sources */ = {isa = PBXBuildFile; fileRef = 3A3AE94D271278A3001FF068 /* StartMainController.swift */; };
		3A3FAEFE282945F100A8DE39 /* TransactionManager.swift in Sources */ = {isa = PBXBuildFile; fileRef = 3A3FAEFD282945F100A8DE39 /* TransactionManager.swift */; };
		3A3FAF01282953C600A8DE39 /* TransactionTemplateController.swift in Sources */ = {isa = PBXBuildFile; fileRef = 3A3FAF00282953C600A8DE39 /* TransactionTemplateController.swift */; };
		3A3FAF0428297CD700A8DE39 /* TransactionTemplates.swift in Sources */ = {isa = PBXBuildFile; fileRef = 3A3FAF0328297CD700A8DE39 /* TransactionTemplates.swift */; };
		3A3FAF0628297FF200A8DE39 /* TransactionTemplateCell.swift in Sources */ = {isa = PBXBuildFile; fileRef = 3A3FAF0528297FF200A8DE39 /* TransactionTemplateCell.swift */; };
		3A3FAF082829841000A8DE39 /* ZaitsevPay.mp3 in Resources */ = {isa = PBXBuildFile; fileRef = 3A3FAF072829841000A8DE39 /* ZaitsevPay.mp3 */; };
		3A3FAF0A28298D4300A8DE39 /* MorgenTest.mp3 in Resources */ = {isa = PBXBuildFile; fileRef = 3A3FAF0928298D4200A8DE39 /* MorgenTest.mp3 */; };
		3A3FAF0D282A95BD00A8DE39 /* TransferBetweenController.swift in Sources */ = {isa = PBXBuildFile; fileRef = 3A3FAF0C282A95BD00A8DE39 /* TransferBetweenController.swift */; };
		3A49B5102755591300ECC979 /* FullCardController.swift in Sources */ = {isa = PBXBuildFile; fileRef = 3A49B50F2755591300ECC979 /* FullCardController.swift */; };
		3A49B5142755701F00ECC979 /* FullCardCell.swift in Sources */ = {isa = PBXBuildFile; fileRef = 3A49B5132755701F00ECC979 /* FullCardCell.swift */; };
		3A5851B62816D3D000A7D0F7 /* CameraPermission in Frameworks */ = {isa = PBXBuildFile; productRef = 3A5851B52816D3D000A7D0F7 /* CameraPermission */; };
		3A5851B82816D3D000A7D0F7 /* ContactsPermission in Frameworks */ = {isa = PBXBuildFile; productRef = 3A5851B72816D3D000A7D0F7 /* ContactsPermission */; };
		3A5851BA2816D3D000A7D0F7 /* NotificationPermission in Frameworks */ = {isa = PBXBuildFile; productRef = 3A5851B92816D3D000A7D0F7 /* NotificationPermission */; };
		3A5EB0D6272D69ED0037D006 /* WalletViewCell.swift in Sources */ = {isa = PBXBuildFile; fileRef = 3A5EB0D5272D69ED0037D006 /* WalletViewCell.swift */; };
		3A62E9F228061DAE00173BD8 /* MenuBuyPayValuteController.swift in Sources */ = {isa = PBXBuildFile; fileRef = 3A62E9F128061DAE00173BD8 /* MenuBuyPayValuteController.swift */; };
		3A6B52E0281346B400C1D741 /* HistroryOperationCell.swift in Sources */ = {isa = PBXBuildFile; fileRef = 3A6B52DF281346B400C1D741 /* HistroryOperationCell.swift */; };
		3A6B52E628141F3E00C1D741 /* HistoryOperationPayments.swift in Sources */ = {isa = PBXBuildFile; fileRef = 3A6B52E528141F3E00C1D741 /* HistoryOperationPayments.swift */; };
		3A6B52E82814210300C1D741 /* TransferCell.swift in Sources */ = {isa = PBXBuildFile; fileRef = 3A6B52E72814210300C1D741 /* TransferCell.swift */; };
		3A6B52EA281425CC00C1D741 /* PaymentCell.swift in Sources */ = {isa = PBXBuildFile; fileRef = 3A6B52E9281425CC00C1D741 /* PaymentCell.swift */; };
		3A6D957C2751CAE90064B11F /* API_DinamicValute.swift in Sources */ = {isa = PBXBuildFile; fileRef = 3A6D957B2751CAE90064B11F /* API_DinamicValute.swift */; };
		3A74D85A2818244A004047B9 /* CardChoiceController.swift in Sources */ = {isa = PBXBuildFile; fileRef = 3A74D8592818244A004047B9 /* CardChoiceController.swift */; };
		3A8263A827D93BB200F96258 /* SwiftyJSON in Frameworks */ = {isa = PBXBuildFile; productRef = 3A8263A727D93BB200F96258 /* SwiftyJSON */; };
		3A82E62E272B645C0054F36C /* OffersViewCell.swift in Sources */ = {isa = PBXBuildFile; fileRef = 3A82E62D272B645C0054F36C /* OffersViewCell.swift */; };
		3A835FD327320CD9000310EC /* ExchangeViewCell.swift in Sources */ = {isa = PBXBuildFile; fileRef = 3A835FD227320CD9000310EC /* ExchangeViewCell.swift */; };
		3A85DED52713DF010059B5CB /* SettingApp.swift in Sources */ = {isa = PBXBuildFile; fileRef = 3A85DED42713DF010059B5CB /* SettingApp.swift */; };
		3A8D79A2273B1CB500B6EA98 /* ParametrsAddCardViewController.swift in Sources */ = {isa = PBXBuildFile; fileRef = 3A8D79A1273B1CB500B6EA98 /* ParametrsAddCardViewController.swift */; };
		3A905B4C2830485900E92F65 /* TransferZaitsevClientController.swift in Sources */ = {isa = PBXBuildFile; fileRef = 3A905B4B2830485900E92F65 /* TransferZaitsevClientController.swift */; };
		3A97F27E2744148500A40224 /* ChartValuteController.swift in Sources */ = {isa = PBXBuildFile; fileRef = 3A97F27D2744148500A40224 /* ChartValuteController.swift */; };
		3A97F280274441AD00A40224 /* ExchangeRateCell.swift in Sources */ = {isa = PBXBuildFile; fileRef = 3A97F27F274441AD00A40224 /* ExchangeRateCell.swift */; };
		3A97F2822744477D00A40224 /* FullValuteMenu.swift in Sources */ = {isa = PBXBuildFile; fileRef = 3A97F2812744477D00A40224 /* FullValuteMenu.swift */; };
		3A99391B2738B074009B1B06 /* CarAddViewCell.swift in Sources */ = {isa = PBXBuildFile; fileRef = 3A99391A2738B074009B1B06 /* CarAddViewCell.swift */; };
		3A99391D2738B15B009B1B06 /* NewCardController.swift in Sources */ = {isa = PBXBuildFile; fileRef = 3A99391C2738B15B009B1B06 /* NewCardController.swift */; };
		3A9C9B772739C82B009A2D4C /* CardAdd.swift in Sources */ = {isa = PBXBuildFile; fileRef = 3A9C9B762739C82B009A2D4C /* CardAdd.swift */; };
		3A9C9B792739DB0C009A2D4C /* PreferenceCardAddViewCell.swift in Sources */ = {isa = PBXBuildFile; fileRef = 3A9C9B782739DB0C009A2D4C /* PreferenceCardAddViewCell.swift */; };
		3AA907722749990100C7581D /* CardPickController.swift in Sources */ = {isa = PBXBuildFile; fileRef = 3AA907712749990100C7581D /* CardPickController.swift */; };
		3AABE0AD28025CD200EB3623 /* CardsManager.swift in Sources */ = {isa = PBXBuildFile; fileRef = 3AABE0AC28025CD200EB3623 /* CardsManager.swift */; };
		3AABE0AF280261D300EB3623 /* CardModel.swift in Sources */ = {isa = PBXBuildFile; fileRef = 3AABE0AE280261D300EB3623 /* CardModel.swift */; };
		3AB687EA272218B2002BD6EB /* NavigationTabBarMain.swift in Sources */ = {isa = PBXBuildFile; fileRef = 3AB687E9272218B2002BD6EB /* NavigationTabBarMain.swift */; };
		3AB687EC272220B6002BD6EB /* PaymentsController.swift in Sources */ = {isa = PBXBuildFile; fileRef = 3AB687EB272220B6002BD6EB /* PaymentsController.swift */; };
		3AB687EE272221BC002BD6EB /* HistoryController.swift in Sources */ = {isa = PBXBuildFile; fileRef = 3AB687ED272221BC002BD6EB /* HistoryController.swift */; };
		3AB86B86270BAA62008D0823 /* RegistrationController.swift in Sources */ = {isa = PBXBuildFile; fileRef = 3AB86B85270BAA62008D0823 /* RegistrationController.swift */; };
		3AB86B89270CADC7008D0823 /* Extension.swift in Sources */ = {isa = PBXBuildFile; fileRef = 3AB86B88270CADC6008D0823 /* Extension.swift */; };
		3AB86B8D270D0A84008D0823 /* FirstRegController.swift in Sources */ = {isa = PBXBuildFile; fileRef = 3AB86B8C270D0A84008D0823 /* FirstRegController.swift */; };
		3AB8F10B2743E8F600469C94 /* ChartSeries.swift in Sources */ = {isa = PBXBuildFile; fileRef = 3AB8F1082743E8F600469C94 /* ChartSeries.swift */; };
		3AB8F10C2743E8F600469C94 /* ChartColors.swift in Sources */ = {isa = PBXBuildFile; fileRef = 3AB8F1092743E8F600469C94 /* ChartColors.swift */; };
		3AB8F10D2743E8F600469C94 /* Chart.swift in Sources */ = {isa = PBXBuildFile; fileRef = 3AB8F10A2743E8F600469C94 /* Chart.swift */; };
		3AC468522823D8F8005540FC /* CardSearch.swift in Sources */ = {isa = PBXBuildFile; fileRef = 3AC468512823D8F8005540FC /* CardSearch.swift */; };
		3ACEFA9D2720AC6D004BD739 /* NavigationController.swift in Sources */ = {isa = PBXBuildFile; fileRef = 3ACEFA9C2720AC6D004BD739 /* NavigationController.swift */; };
		3ACEFAA32721EBB7004BD739 /* AuthFromFaceID.swift in Sources */ = {isa = PBXBuildFile; fileRef = 3ACEFAA22721EBB7004BD739 /* AuthFromFaceID.swift */; };
		3AD95367271DC7AB0081D50A /* LocalPassword.xib in Resources */ = {isa = PBXBuildFile; fileRef = 3AD95366271DC7AB0081D50A /* LocalPassword.xib */; };
		3AD95369271DC7DA0081D50A /* LocalPassword.swift in Sources */ = {isa = PBXBuildFile; fileRef = 3AD95368271DC7DA0081D50A /* LocalPassword.swift */; };
		3AE09EBA28020CB80016E1EF /* ClientZaitsevBankAPI.swift in Sources */ = {isa = PBXBuildFile; fileRef = 3AE09EB928020CB80016E1EF /* ClientZaitsevBankAPI.swift */; };
		3AE09EBC28020E890016E1EF /* CheckCorrectAuthData.swift in Sources */ = {isa = PBXBuildFile; fileRef = 3AE09EBB28020E890016E1EF /* CheckCorrectAuthData.swift */; };
		3AE09EBE28021A5F0016E1EF /* AccountManager.swift in Sources */ = {isa = PBXBuildFile; fileRef = 3AE09EBD28021A5F0016E1EF /* AccountManager.swift */; };
		3AE09EC128021B050016E1EF /* UserModel.swift in Sources */ = {isa = PBXBuildFile; fileRef = 3AE09EC028021B050016E1EF /* UserModel.swift */; };
		3AE09EC328021C3A0016E1EF /* RequestResult.swift in Sources */ = {isa = PBXBuildFile; fileRef = 3AE09EC228021C3A0016E1EF /* RequestResult.swift */; };
		3AF5D73027E69E3C0095A4DC /* ImageRatio.swift in Sources */ = {isa = PBXBuildFile; fileRef = 3AF5D72A27E69E3B0095A4DC /* ImageRatio.swift */; };
		3AF5D73127E69E3C0095A4DC /* ImageAnalyzer.swift in Sources */ = {isa = PBXBuildFile; fileRef = 3AF5D72B27E69E3C0095A4DC /* ImageAnalyzer.swift */; };
		3AF5D73227E69E3C0095A4DC /* CreditCard.swift in Sources */ = {isa = PBXBuildFile; fileRef = 3AF5D72C27E69E3C0095A4DC /* CreditCard.swift */; };
		3AF5D73327E69E3C0095A4DC /* CameraView.swift in Sources */ = {isa = PBXBuildFile; fileRef = 3AF5D72D27E69E3C0095A4DC /* CameraView.swift */; };
		3AF5D73527E69E3C0095A4DC /* CreditCardScannerError.swift in Sources */ = {isa = PBXBuildFile; fileRef = 3AF5D72F27E69E3C0095A4DC /* CreditCardScannerError.swift */; };
		3AF5D73927E6B9CC0095A4DC /* Regex.swift in Sources */ = {isa = PBXBuildFile; fileRef = 3AF5D73827E6B9CC0095A4DC /* Regex.swift */; };
		3AF5D73B27E6BCD00095A4DC /* CardScannerController.swift in Sources */ = {isa = PBXBuildFile; fileRef = 3AF5D73A27E6BCD00095A4DC /* CardScannerController.swift */; };
		3AF977A32714E595006C1B87 /* CoreDataModel.swift in Sources */ = {isa = PBXBuildFile; fileRef = 3AF977A22714E595006C1B87 /* CoreDataModel.swift */; };
		3AF977A92714EBD3006C1B87 /* Ecryption.swift in Sources */ = {isa = PBXBuildFile; fileRef = 3AF977A82714EBD3006C1B87 /* Ecryption.swift */; };
/* End PBXBuildFile section */

/* Begin PBXFileReference section */
		3A07798E27122CF20026BCAD /* MainMenu.storyboard */ = {isa = PBXFileReference; lastKnownFileType = file.storyboard; path = MainMenu.storyboard; sourceTree = "<group>"; };
		3A0787F82778851900F678DD /* API_VALUTE.swift */ = {isa = PBXFileReference; lastKnownFileType = sourcecode.swift; path = API_VALUTE.swift; sourceTree = "<group>"; };
		3A0787FA2778854500F678DD /* API_VALUTE_FULL.swift */ = {isa = PBXFileReference; lastKnownFileType = sourcecode.swift; path = API_VALUTE_FULL.swift; sourceTree = "<group>"; };
		3A0787FF2778893F00F678DD /* ExtensionFuncBank.swift */ = {isa = PBXFileReference; lastKnownFileType = sourcecode.swift; path = ExtensionFuncBank.swift; sourceTree = "<group>"; };
		3A0862DF27382776000C5407 /* ValuteStructures.swift */ = {isa = PBXFileReference; lastKnownFileType = sourcecode.swift; path = ValuteStructures.swift; sourceTree = "<group>"; };
		3A0FC94C270A52B600B6B2F6 /* ZaitsevBank.app */ = {isa = PBXFileReference; explicitFileType = wrapper.application; includeInIndex = 0; path = ZaitsevBank.app; sourceTree = BUILT_PRODUCTS_DIR; };
		3A0FC94F270A52B600B6B2F6 /* AppDelegate.swift */ = {isa = PBXFileReference; lastKnownFileType = sourcecode.swift; path = AppDelegate.swift; sourceTree = "<group>"; };
		3A0FC951270A52B700B6B2F6 /* SceneDelegate.swift */ = {isa = PBXFileReference; lastKnownFileType = sourcecode.swift; path = SceneDelegate.swift; sourceTree = "<group>"; };
		3A0FC959270A52B700B6B2F6 /* ZaitsevBank.xcdatamodel */ = {isa = PBXFileReference; lastKnownFileType = wrapper.xcdatamodel; path = ZaitsevBank.xcdatamodel; sourceTree = "<group>"; };
		3A0FC95B270A52BA00B6B2F6 /* Assets.xcassets */ = {isa = PBXFileReference; lastKnownFileType = folder.assetcatalog; path = Assets.xcassets; sourceTree = "<group>"; };
		3A0FC95E270A52BA00B6B2F6 /* Base */ = {isa = PBXFileReference; lastKnownFileType = file.storyboard; name = Base; path = Base.lproj/LaunchScreen.storyboard; sourceTree = "<group>"; };
		3A0FC960270A52BA00B6B2F6 /* Info.plist */ = {isa = PBXFileReference; lastKnownFileType = text.plist.xml; path = Info.plist; sourceTree = "<group>"; };
		3A0FC970270A546600B6B2F6 /* LoginForm.storyboard */ = {isa = PBXFileReference; lastKnownFileType = file.storyboard; path = LoginForm.storyboard; sourceTree = "<group>"; };
		3A0FC972270A547E00B6B2F6 /* LoginController.swift */ = {isa = PBXFileReference; lastKnownFileType = sourcecode.swift; path = LoginController.swift; sourceTree = "<group>"; };
		3A0FC974270A54A000B6B2F6 /* LoginModel.swift */ = {isa = PBXFileReference; lastKnownFileType = sourcecode.swift; path = LoginModel.swift; sourceTree = "<group>"; };
		3A12C8742815A0B900EE1CC2 /* TransferMenu.storyboard */ = {isa = PBXFileReference; lastKnownFileType = file.storyboard; path = TransferMenu.storyboard; sourceTree = "<group>"; };
		3A12C8762815A60200EE1CC2 /* OperationPayments.swift */ = {isa = PBXFileReference; lastKnownFileType = sourcecode.swift; path = OperationPayments.swift; sourceTree = "<group>"; };
		3A12C8792815CCA600EE1CC2 /* TransferCameraController.swift */ = {isa = PBXFileReference; lastKnownFileType = sourcecode.swift; path = TransferCameraController.swift; sourceTree = "<group>"; };
		3A21F5F72743CF9200D7E0CD /* ValuteMenu.storyboard */ = {isa = PBXFileReference; lastKnownFileType = file.storyboard; path = ValuteMenu.storyboard; sourceTree = "<group>"; };
		3A2BCAF52743E34000189086 /* ExchangeRateController.swift */ = {isa = PBXFileReference; lastKnownFileType = sourcecode.swift; path = ExchangeRateController.swift; sourceTree = "<group>"; };
		3A2CDE6B2710B022005F0CF4 /* LastRegController.swift */ = {isa = PBXFileReference; lastKnownFileType = sourcecode.swift; path = LastRegController.swift; sourceTree = "<group>"; };
		3A2EDDAD2830531B00F47577 /* TransferContactsModel.swift */ = {isa = PBXFileReference; lastKnownFileType = sourcecode.swift; path = TransferContactsModel.swift; sourceTree = "<group>"; };
		3A2EDDB02830542B00F47577 /* ContactCell.swift */ = {isa = PBXFileReference; lastKnownFileType = sourcecode.swift; path = ContactCell.swift; sourceTree = "<group>"; };
		3A30489627139A010010A739 /* StartMenu.swift */ = {isa = PBXFileReference; lastKnownFileType = sourcecode.swift; path = StartMenu.swift; sourceTree = "<group>"; };
		3A30489927139BAD0010A739 /* SafeLocalPassword.swift */ = {isa = PBXFileReference; lastKnownFileType = sourcecode.swift; path = SafeLocalPassword.swift; sourceTree = "<group>"; };
		3A36DAF327417F5000F9CE9C /* CardGenerator.swift */ = {isa = PBXFileReference; lastKnownFileType = sourcecode.swift; path = CardGenerator.swift; sourceTree = "<group>"; };
		3A3700D327530DC700387894 /* CardViewer.storyboard */ = {isa = PBXFileReference; lastKnownFileType = file.storyboard; path = CardViewer.storyboard; sourceTree = "<group>"; };
		3A3AE94A271276FA001FF068 /* Loading.gif */ = {isa = PBXFileReference; lastKnownFileType = image.gif; path = Loading.gif; sourceTree = "<group>"; };
		3A3AE94D271278A3001FF068 /* StartMainController.swift */ = {isa = PBXFileReference; lastKnownFileType = sourcecode.swift; path = StartMainController.swift; sourceTree = "<group>"; };
		3A3FAEFD282945F100A8DE39 /* TransactionManager.swift */ = {isa = PBXFileReference; lastKnownFileType = sourcecode.swift; path = TransactionManager.swift; sourceTree = "<group>"; };
		3A3FAF00282953C600A8DE39 /* TransactionTemplateController.swift */ = {isa = PBXFileReference; lastKnownFileType = sourcecode.swift; path = TransactionTemplateController.swift; sourceTree = "<group>"; };
		3A3FAF0328297CD700A8DE39 /* TransactionTemplates.swift */ = {isa = PBXFileReference; lastKnownFileType = sourcecode.swift; path = TransactionTemplates.swift; sourceTree = "<group>"; };
		3A3FAF0528297FF200A8DE39 /* TransactionTemplateCell.swift */ = {isa = PBXFileReference; lastKnownFileType = sourcecode.swift; path = TransactionTemplateCell.swift; sourceTree = "<group>"; };
		3A3FAF072829841000A8DE39 /* ZaitsevPay.mp3 */ = {isa = PBXFileReference; lastKnownFileType = audio.mp3; path = ZaitsevPay.mp3; sourceTree = "<group>"; };
		3A3FAF0928298D4200A8DE39 /* MorgenTest.mp3 */ = {isa = PBXFileReference; lastKnownFileType = audio.mp3; path = MorgenTest.mp3; sourceTree = "<group>"; };
		3A3FAF0C282A95BD00A8DE39 /* TransferBetweenController.swift */ = {isa = PBXFileReference; lastKnownFileType = sourcecode.swift; path = TransferBetweenController.swift; sourceTree = "<group>"; };
		3A49B50F2755591300ECC979 /* FullCardController.swift */ = {isa = PBXFileReference; lastKnownFileType = sourcecode.swift; path = FullCardController.swift; sourceTree = "<group>"; };
		3A49B5132755701F00ECC979 /* FullCardCell.swift */ = {isa = PBXFileReference; lastKnownFileType = sourcecode.swift; path = FullCardCell.swift; sourceTree = "<group>"; };
		3A5851A22816A60700A7D0F7 /* ru */ = {isa = PBXFileReference; lastKnownFileType = text.plist.strings; name = ru; path = ru.lproj/LaunchScreen.strings; sourceTree = "<group>"; };
		3A5EB0D5272D69ED0037D006 /* WalletViewCell.swift */ = {isa = PBXFileReference; lastKnownFileType = sourcecode.swift; path = WalletViewCell.swift; sourceTree = "<group>"; };
		3A62E9F128061DAE00173BD8 /* MenuBuyPayValuteController.swift */ = {isa = PBXFileReference; lastKnownFileType = sourcecode.swift; path = MenuBuyPayValuteController.swift; sourceTree = "<group>"; };
		3A6B52DF281346B400C1D741 /* HistroryOperationCell.swift */ = {isa = PBXFileReference; lastKnownFileType = sourcecode.swift; path = HistroryOperationCell.swift; sourceTree = "<group>"; };
		3A6B52E528141F3E00C1D741 /* HistoryOperationPayments.swift */ = {isa = PBXFileReference; lastKnownFileType = sourcecode.swift; path = HistoryOperationPayments.swift; sourceTree = "<group>"; };
		3A6B52E72814210300C1D741 /* TransferCell.swift */ = {isa = PBXFileReference; lastKnownFileType = sourcecode.swift; path = TransferCell.swift; sourceTree = "<group>"; };
		3A6B52E9281425CC00C1D741 /* PaymentCell.swift */ = {isa = PBXFileReference; lastKnownFileType = sourcecode.swift; path = PaymentCell.swift; sourceTree = "<group>"; };
		3A6D957B2751CAE90064B11F /* API_DinamicValute.swift */ = {isa = PBXFileReference; lastKnownFileType = sourcecode.swift; path = API_DinamicValute.swift; sourceTree = "<group>"; };
		3A74D8592818244A004047B9 /* CardChoiceController.swift */ = {isa = PBXFileReference; lastKnownFileType = sourcecode.swift; path = CardChoiceController.swift; sourceTree = "<group>"; };
		3A82E62D272B645C0054F36C /* OffersViewCell.swift */ = {isa = PBXFileReference; lastKnownFileType = sourcecode.swift; path = OffersViewCell.swift; sourceTree = "<group>"; };
		3A835FD227320CD9000310EC /* ExchangeViewCell.swift */ = {isa = PBXFileReference; lastKnownFileType = sourcecode.swift; path = ExchangeViewCell.swift; sourceTree = "<group>"; };
		3A85DED42713DF010059B5CB /* SettingApp.swift */ = {isa = PBXFileReference; lastKnownFileType = sourcecode.swift; path = SettingApp.swift; sourceTree = "<group>"; };
		3A8D79A1273B1CB500B6EA98 /* ParametrsAddCardViewController.swift */ = {isa = PBXFileReference; lastKnownFileType = sourcecode.swift; path = ParametrsAddCardViewController.swift; sourceTree = "<group>"; };
		3A905B4B2830485900E92F65 /* TransferZaitsevClientController.swift */ = {isa = PBXFileReference; lastKnownFileType = sourcecode.swift; path = TransferZaitsevClientController.swift; sourceTree = "<group>"; };
		3A97F27D2744148500A40224 /* ChartValuteController.swift */ = {isa = PBXFileReference; lastKnownFileType = sourcecode.swift; path = ChartValuteController.swift; sourceTree = "<group>"; };
		3A97F27F274441AD00A40224 /* ExchangeRateCell.swift */ = {isa = PBXFileReference; lastKnownFileType = sourcecode.swift; path = ExchangeRateCell.swift; sourceTree = "<group>"; };
		3A97F2812744477D00A40224 /* FullValuteMenu.swift */ = {isa = PBXFileReference; lastKnownFileType = sourcecode.swift; path = FullValuteMenu.swift; sourceTree = "<group>"; };
		3A99391A2738B074009B1B06 /* CarAddViewCell.swift */ = {isa = PBXFileReference; lastKnownFileType = sourcecode.swift; path = CarAddViewCell.swift; sourceTree = "<group>"; };
		3A99391C2738B15B009B1B06 /* NewCardController.swift */ = {isa = PBXFileReference; lastKnownFileType = sourcecode.swift; path = NewCardController.swift; sourceTree = "<group>"; };
		3A9C9B762739C82B009A2D4C /* CardAdd.swift */ = {isa = PBXFileReference; lastKnownFileType = sourcecode.swift; path = CardAdd.swift; sourceTree = "<group>"; };
		3A9C9B782739DB0C009A2D4C /* PreferenceCardAddViewCell.swift */ = {isa = PBXFileReference; lastKnownFileType = sourcecode.swift; path = PreferenceCardAddViewCell.swift; sourceTree = "<group>"; };
		3AA907712749990100C7581D /* CardPickController.swift */ = {isa = PBXFileReference; lastKnownFileType = sourcecode.swift; path = CardPickController.swift; sourceTree = "<group>"; };
		3AABE0AC28025CD200EB3623 /* CardsManager.swift */ = {isa = PBXFileReference; lastKnownFileType = sourcecode.swift; path = CardsManager.swift; sourceTree = "<group>"; };
		3AABE0AE280261D300EB3623 /* CardModel.swift */ = {isa = PBXFileReference; lastKnownFileType = sourcecode.swift; path = CardModel.swift; sourceTree = "<group>"; };
		3AB687E9272218B2002BD6EB /* NavigationTabBarMain.swift */ = {isa = PBXFileReference; lastKnownFileType = sourcecode.swift; path = NavigationTabBarMain.swift; sourceTree = "<group>"; };
		3AB687EB272220B6002BD6EB /* PaymentsController.swift */ = {isa = PBXFileReference; lastKnownFileType = sourcecode.swift; path = PaymentsController.swift; sourceTree = "<group>"; };
		3AB687ED272221BC002BD6EB /* HistoryController.swift */ = {isa = PBXFileReference; lastKnownFileType = sourcecode.swift; path = HistoryController.swift; sourceTree = "<group>"; };
		3AB86B85270BAA62008D0823 /* RegistrationController.swift */ = {isa = PBXFileReference; lastKnownFileType = sourcecode.swift; path = RegistrationController.swift; sourceTree = "<group>"; };
		3AB86B88270CADC6008D0823 /* Extension.swift */ = {isa = PBXFileReference; lastKnownFileType = sourcecode.swift; path = Extension.swift; sourceTree = "<group>"; };
		3AB86B8C270D0A84008D0823 /* FirstRegController.swift */ = {isa = PBXFileReference; lastKnownFileType = sourcecode.swift; path = FirstRegController.swift; sourceTree = "<group>"; };
		3AB8F1082743E8F600469C94 /* ChartSeries.swift */ = {isa = PBXFileReference; fileEncoding = 4; lastKnownFileType = sourcecode.swift; path = ChartSeries.swift; sourceTree = "<group>"; };
		3AB8F1092743E8F600469C94 /* ChartColors.swift */ = {isa = PBXFileReference; fileEncoding = 4; lastKnownFileType = sourcecode.swift; path = ChartColors.swift; sourceTree = "<group>"; };
		3AB8F10A2743E8F600469C94 /* Chart.swift */ = {isa = PBXFileReference; fileEncoding = 4; lastKnownFileType = sourcecode.swift; path = Chart.swift; sourceTree = "<group>"; };
		3AC468512823D8F8005540FC /* CardSearch.swift */ = {isa = PBXFileReference; lastKnownFileType = sourcecode.swift; path = CardSearch.swift; sourceTree = "<group>"; };
		3ACEFA9C2720AC6D004BD739 /* NavigationController.swift */ = {isa = PBXFileReference; lastKnownFileType = sourcecode.swift; path = NavigationController.swift; sourceTree = "<group>"; };
		3ACEFAA22721EBB7004BD739 /* AuthFromFaceID.swift */ = {isa = PBXFileReference; lastKnownFileType = sourcecode.swift; path = AuthFromFaceID.swift; sourceTree = "<group>"; };
		3AD95366271DC7AB0081D50A /* LocalPassword.xib */ = {isa = PBXFileReference; lastKnownFileType = file.xib; path = LocalPassword.xib; sourceTree = "<group>"; };
		3AD95368271DC7DA0081D50A /* LocalPassword.swift */ = {isa = PBXFileReference; lastKnownFileType = sourcecode.swift; path = LocalPassword.swift; sourceTree = "<group>"; };
		3AE09EB928020CB80016E1EF /* ClientZaitsevBankAPI.swift */ = {isa = PBXFileReference; lastKnownFileType = sourcecode.swift; path = ClientZaitsevBankAPI.swift; sourceTree = "<group>"; };
		3AE09EBB28020E890016E1EF /* CheckCorrectAuthData.swift */ = {isa = PBXFileReference; lastKnownFileType = sourcecode.swift; path = CheckCorrectAuthData.swift; sourceTree = "<group>"; };
		3AE09EBD28021A5F0016E1EF /* AccountManager.swift */ = {isa = PBXFileReference; lastKnownFileType = sourcecode.swift; path = AccountManager.swift; sourceTree = "<group>"; };
		3AE09EC028021B050016E1EF /* UserModel.swift */ = {isa = PBXFileReference; lastKnownFileType = sourcecode.swift; path = UserModel.swift; sourceTree = "<group>"; };
		3AE09EC228021C3A0016E1EF /* RequestResult.swift */ = {isa = PBXFileReference; lastKnownFileType = sourcecode.swift; path = RequestResult.swift; sourceTree = "<group>"; };
		3AF5D72A27E69E3B0095A4DC /* ImageRatio.swift */ = {isa = PBXFileReference; fileEncoding = 4; lastKnownFileType = sourcecode.swift; path = ImageRatio.swift; sourceTree = "<group>"; };
		3AF5D72B27E69E3C0095A4DC /* ImageAnalyzer.swift */ = {isa = PBXFileReference; fileEncoding = 4; lastKnownFileType = sourcecode.swift; path = ImageAnalyzer.swift; sourceTree = "<group>"; };
		3AF5D72C27E69E3C0095A4DC /* CreditCard.swift */ = {isa = PBXFileReference; fileEncoding = 4; lastKnownFileType = sourcecode.swift; path = CreditCard.swift; sourceTree = "<group>"; };
		3AF5D72D27E69E3C0095A4DC /* CameraView.swift */ = {isa = PBXFileReference; fileEncoding = 4; lastKnownFileType = sourcecode.swift; path = CameraView.swift; sourceTree = "<group>"; };
		3AF5D72F27E69E3C0095A4DC /* CreditCardScannerError.swift */ = {isa = PBXFileReference; fileEncoding = 4; lastKnownFileType = sourcecode.swift; path = CreditCardScannerError.swift; sourceTree = "<group>"; };
		3AF5D73827E6B9CC0095A4DC /* Regex.swift */ = {isa = PBXFileReference; lastKnownFileType = sourcecode.swift; path = Regex.swift; sourceTree = "<group>"; };
		3AF5D73A27E6BCD00095A4DC /* CardScannerController.swift */ = {isa = PBXFileReference; lastKnownFileType = sourcecode.swift; path = CardScannerController.swift; sourceTree = "<group>"; };
		3AF977A22714E595006C1B87 /* CoreDataModel.swift */ = {isa = PBXFileReference; lastKnownFileType = sourcecode.swift; path = CoreDataModel.swift; sourceTree = "<group>"; };
		3AF977A82714EBD3006C1B87 /* Ecryption.swift */ = {isa = PBXFileReference; lastKnownFileType = sourcecode.swift; path = Ecryption.swift; sourceTree = "<group>"; };
/* End PBXFileReference section */

/* Begin PBXFrameworksBuildPhase section */
		3A0FC949270A52B600B6B2F6 /* Frameworks */ = {
			isa = PBXFrameworksBuildPhase;
			buildActionMask = 2147483647;
			files = (
				3A8263A827D93BB200F96258 /* SwiftyJSON in Frameworks */,
				3A0787F42777207100F678DD /* RNCryptor in Frameworks */,
				3A5851B82816D3D000A7D0F7 /* ContactsPermission in Frameworks */,
				3A5851B62816D3D000A7D0F7 /* CameraPermission in Frameworks */,
				3A5851BA2816D3D000A7D0F7 /* NotificationPermission in Frameworks */,
				3A0787F72777208400F678DD /* SWXMLHash in Frameworks */,
			);
			runOnlyForDeploymentPostprocessing = 0;
		};
/* End PBXFrameworksBuildPhase section */

/* Begin PBXGroup section */
		3A0FC943270A52B600B6B2F6 = {
			isa = PBXGroup;
			children = (
				3A0FC94E270A52B600B6B2F6 /* ZaitsevBank */,
				3A0FC94D270A52B600B6B2F6 /* Products */,
			);
			sourceTree = "<group>";
		};
		3A0FC94D270A52B600B6B2F6 /* Products */ = {
			isa = PBXGroup;
			children = (
				3A0FC94C270A52B600B6B2F6 /* ZaitsevBank.app */,
			);
			name = Products;
			sourceTree = "<group>";
		};
		3A0FC94E270A52B600B6B2F6 /* ZaitsevBank */ = {
			isa = PBXGroup;
			children = (
				3AE09EB828020C7F0016E1EF /* ZaitsevBankAPI */,
				3A30489827139B7D0010A739 /* FunctionFromBank */,
				3AB86B87270CAD8A008D0823 /* ViewsHelp */,
				3A0FC96D270A543700B6B2F6 /* View */,
				3A0FC967270A530200B6B2F6 /* ViewModels */,
				3A0FC966270A52F400B6B2F6 /* Models */,
				3A0FC94F270A52B600B6B2F6 /* AppDelegate.swift */,
				3A0FC951270A52B700B6B2F6 /* SceneDelegate.swift */,
				3A0FC95B270A52BA00B6B2F6 /* Assets.xcassets */,
				3A0FC95D270A52BA00B6B2F6 /* LaunchScreen.storyboard */,
				3A0FC960270A52BA00B6B2F6 /* Info.plist */,
				3A0FC958270A52B700B6B2F6 /* ZaitsevBank.xcdatamodeld */,
			);
			path = ZaitsevBank;
			sourceTree = "<group>";
		};
		3A0FC966270A52F400B6B2F6 /* Models */ = {
			isa = PBXGroup;
			children = (
				3A2EDDAB283052E800F47577 /* TransferContactsModel */,
				3A3FAF0228297CB600A8DE39 /* TransactionTemplates */,
				3A6B52E22813835600C1D741 /* Payments */,
				3A304894271399D60010A739 /* MainMenu */,
				3A0FC96F270A544D00B6B2F6 /* LoginForm */,
			);
			path = Models;
			sourceTree = "<group>";
		};
		3A0FC967270A530200B6B2F6 /* ViewModels */ = {
			isa = PBXGroup;
			children = (
				3A905B4A2830483600E92F65 /* TransferZaitsevClient */,
				3A12C8782815C15000EE1CC2 /* TransferByCamera */,
				3A3FAF0B282A957000A8DE39 /* TransferBetween */,
				3A3FAEFF2829537000A8DE39 /* TransactionTemplate */,
				3A74D85828182439004047B9 /* CardChoise */,
				3A49B50E275558C100ECC979 /* FullCardViewer */,
				3A2BCAF42743E30A00189086 /* FullValute */,
				3A9939192738B04A009B1B06 /* AddNewCard */,
				3A3AE94C27127883001FF068 /* MainMenu */,
				3A0FC968270A531100B6B2F6 /* LoginForm */,
			);
			path = ViewModels;
			sourceTree = "<group>";
		};
		3A0FC968270A531100B6B2F6 /* LoginForm */ = {
			isa = PBXGroup;
			children = (
				3A0FC972270A547E00B6B2F6 /* LoginController.swift */,
				3ACEFA9C2720AC6D004BD739 /* NavigationController.swift */,
				3AB86B85270BAA62008D0823 /* RegistrationController.swift */,
				3AB86B8C270D0A84008D0823 /* FirstRegController.swift */,
				3A2CDE6B2710B022005F0CF4 /* LastRegController.swift */,
			);
			path = LoginForm;
			sourceTree = "<group>";
		};
		3A0FC96D270A543700B6B2F6 /* View */ = {
			isa = PBXGroup;
			children = (
				3A0FC970270A546600B6B2F6 /* LoginForm.storyboard */,
				3A07798E27122CF20026BCAD /* MainMenu.storyboard */,
				3A21F5F72743CF9200D7E0CD /* ValuteMenu.storyboard */,
				3A3700D327530DC700387894 /* CardViewer.storyboard */,
				3A12C8742815A0B900EE1CC2 /* TransferMenu.storyboard */,
			);
			path = View;
			sourceTree = "<group>";
		};
		3A0FC96F270A544D00B6B2F6 /* LoginForm */ = {
			isa = PBXGroup;
			children = (
				3A0FC974270A54A000B6B2F6 /* LoginModel.swift */,
			);
			path = LoginForm;
			sourceTree = "<group>";
		};
		3A12C8782815C15000EE1CC2 /* TransferByCamera */ = {
			isa = PBXGroup;
			children = (
				3A12C8792815CCA600EE1CC2 /* TransferCameraController.swift */,
			);
			path = TransferByCamera;
			sourceTree = "<group>";
		};
		3A2BCAF42743E30A00189086 /* FullValute */ = {
			isa = PBXGroup;
			children = (
				3A62E9F028061D7200173BD8 /* BuyPayValute */,
				3A2BCAF52743E34000189086 /* ExchangeRateController.swift */,
				3A97F27F274441AD00A40224 /* ExchangeRateCell.swift */,
				3A97F27D2744148500A40224 /* ChartValuteController.swift */,
				3AA907712749990100C7581D /* CardPickController.swift */,
			);
			path = FullValute;
			sourceTree = "<group>";
		};
		3A2EDDAB283052E800F47577 /* TransferContactsModel */ = {
			isa = PBXGroup;
			children = (
				3A2EDDAD2830531B00F47577 /* TransferContactsModel.swift */,
			);
			path = TransferContactsModel;
			sourceTree = "<group>";
		};
		3A304894271399D60010A739 /* MainMenu */ = {
			isa = PBXGroup;
			children = (
				3A30489627139A010010A739 /* StartMenu.swift */,
				3A9C9B762739C82B009A2D4C /* CardAdd.swift */,
				3A97F2812744477D00A40224 /* FullValuteMenu.swift */,
			);
			path = MainMenu;
			sourceTree = "<group>";
		};
		3A30489827139B7D0010A739 /* FunctionFromBank */ = {
			isa = PBXGroup;
			children = (
				3AF977A22714E595006C1B87 /* CoreDataModel.swift */,
				3A30489927139BAD0010A739 /* SafeLocalPassword.swift */,
				3A85DED42713DF010059B5CB /* SettingApp.swift */,
				3AF977A82714EBD3006C1B87 /* Ecryption.swift */,
				3ACEFAA22721EBB7004BD739 /* AuthFromFaceID.swift */,
				3A0787F82778851900F678DD /* API_VALUTE.swift */,
				3A0787FA2778854500F678DD /* API_VALUTE_FULL.swift */,
				3A6D957B2751CAE90064B11F /* API_DinamicValute.swift */,
				3A0862DF27382776000C5407 /* ValuteStructures.swift */,
				3A36DAF327417F5000F9CE9C /* CardGenerator.swift */,
				3A0787FF2778893F00F678DD /* ExtensionFuncBank.swift */,
			);
			path = FunctionFromBank;
			sourceTree = "<group>";
		};
		3A3AE94C27127883001FF068 /* MainMenu */ = {
			isa = PBXGroup;
			children = (
				3AB687E9272218B2002BD6EB /* NavigationTabBarMain.swift */,
				3A82E62C272B63E80054F36C /* StartMain */,
				3A6B52DE2813467E00C1D741 /* Payments */,
				3A6B52E128134A6A00C1D741 /* History */,
			);
			path = MainMenu;
			sourceTree = "<group>";
		};
		3A3FAEFF2829537000A8DE39 /* TransactionTemplate */ = {
			isa = PBXGroup;
			children = (
				3A3FAF00282953C600A8DE39 /* TransactionTemplateController.swift */,
				3A3FAF0528297FF200A8DE39 /* TransactionTemplateCell.swift */,
			);
			path = TransactionTemplate;
			sourceTree = "<group>";
		};
		3A3FAF0228297CB600A8DE39 /* TransactionTemplates */ = {
			isa = PBXGroup;
			children = (
				3A3FAF0328297CD700A8DE39 /* TransactionTemplates.swift */,
			);
			path = TransactionTemplates;
			sourceTree = "<group>";
		};
		3A3FAF0B282A957000A8DE39 /* TransferBetween */ = {
			isa = PBXGroup;
			children = (
				3A3FAF0C282A95BD00A8DE39 /* TransferBetweenController.swift */,
			);
			path = TransferBetween;
			sourceTree = "<group>";
		};
		3A49B50E275558C100ECC979 /* FullCardViewer */ = {
			isa = PBXGroup;
			children = (
				3A49B50F2755591300ECC979 /* FullCardController.swift */,
				3A49B5132755701F00ECC979 /* FullCardCell.swift */,
			);
			path = FullCardViewer;
			sourceTree = "<group>";
		};
		3A62E9F028061D7200173BD8 /* BuyPayValute */ = {
			isa = PBXGroup;
			children = (
				3A62E9F128061DAE00173BD8 /* MenuBuyPayValuteController.swift */,
			);
			path = BuyPayValute;
			sourceTree = "<group>";
		};
		3A6B52DE2813467E00C1D741 /* Payments */ = {
			isa = PBXGroup;
			children = (
				3AB687EB272220B6002BD6EB /* PaymentsController.swift */,
				3A6B52DF281346B400C1D741 /* HistroryOperationCell.swift */,
				3A6B52E72814210300C1D741 /* TransferCell.swift */,
				3A6B52E9281425CC00C1D741 /* PaymentCell.swift */,
			);
			path = Payments;
			sourceTree = "<group>";
		};
		3A6B52E128134A6A00C1D741 /* History */ = {
			isa = PBXGroup;
			children = (
				3AB687ED272221BC002BD6EB /* HistoryController.swift */,
			);
			path = History;
			sourceTree = "<group>";
		};
		3A6B52E22813835600C1D741 /* Payments */ = {
			isa = PBXGroup;
			children = (
				3A6B52E528141F3E00C1D741 /* HistoryOperationPayments.swift */,
				3A12C8762815A60200EE1CC2 /* OperationPayments.swift */,
			);
			path = Payments;
			sourceTree = "<group>";
		};
		3A74D85828182439004047B9 /* CardChoise */ = {
			isa = PBXGroup;
			children = (
				3A74D8592818244A004047B9 /* CardChoiceController.swift */,
			);
			path = CardChoise;
			sourceTree = "<group>";
		};
		3A82E62C272B63E80054F36C /* StartMain */ = {
			isa = PBXGroup;
			children = (
				3A3AE94D271278A3001FF068 /* StartMainController.swift */,
				3A82E62D272B645C0054F36C /* OffersViewCell.swift */,
				3A5EB0D5272D69ED0037D006 /* WalletViewCell.swift */,
				3A835FD227320CD9000310EC /* ExchangeViewCell.swift */,
			);
			path = StartMain;
			sourceTree = "<group>";
		};
		3A905B4A2830483600E92F65 /* TransferZaitsevClient */ = {
			isa = PBXGroup;
			children = (
				3A905B4B2830485900E92F65 /* TransferZaitsevClientController.swift */,
				3A2EDDB02830542B00F47577 /* ContactCell.swift */,
			);
			path = TransferZaitsevClient;
			sourceTree = "<group>";
		};
		3A9939192738B04A009B1B06 /* AddNewCard */ = {
			isa = PBXGroup;
			children = (
				3A99391C2738B15B009B1B06 /* NewCardController.swift */,
				3A99391A2738B074009B1B06 /* CarAddViewCell.swift */,
				3A9C9B782739DB0C009A2D4C /* PreferenceCardAddViewCell.swift */,
				3A8D79A1273B1CB500B6EA98 /* ParametrsAddCardViewController.swift */,
			);
			path = AddNewCard;
			sourceTree = "<group>";
		};
		3AB86B87270CAD8A008D0823 /* ViewsHelp */ = {
			isa = PBXGroup;
			children = (
				3AF5D72927E69E0C0095A4DC /* CreditScanner */,
				3AB8F1072743E8D000469C94 /* Charts */,
				3A3AE94A271276FA001FF068 /* Loading.gif */,
				3A3FAF0928298D4200A8DE39 /* MorgenTest.mp3 */,
				3A3FAF072829841000A8DE39 /* ZaitsevPay.mp3 */,
				3AB86B88270CADC6008D0823 /* Extension.swift */,
				3AD95366271DC7AB0081D50A /* LocalPassword.xib */,
				3AD95368271DC7DA0081D50A /* LocalPassword.swift */,
			);
			path = ViewsHelp;
			sourceTree = "<group>";
		};
		3AB8F1072743E8D000469C94 /* Charts */ = {
			isa = PBXGroup;
			children = (
				3AB8F10A2743E8F600469C94 /* Chart.swift */,
				3AB8F1092743E8F600469C94 /* ChartColors.swift */,
				3AB8F1082743E8F600469C94 /* ChartSeries.swift */,
			);
			path = Charts;
			sourceTree = "<group>";
		};
		3AE09EB828020C7F0016E1EF /* ZaitsevBankAPI */ = {
			isa = PBXGroup;
			children = (
				3AE09EBF28021AF20016E1EF /* Models */,
				3AE09EB928020CB80016E1EF /* ClientZaitsevBankAPI.swift */,
				3AE09EBD28021A5F0016E1EF /* AccountManager.swift */,
				3AABE0AC28025CD200EB3623 /* CardsManager.swift */,
				3AE09EBB28020E890016E1EF /* CheckCorrectAuthData.swift */,
				3AE09EC228021C3A0016E1EF /* RequestResult.swift */,
				3A3FAEFD282945F100A8DE39 /* TransactionManager.swift */,
			);
			path = ZaitsevBankAPI;
			sourceTree = "<group>";
		};
		3AE09EBF28021AF20016E1EF /* Models */ = {
			isa = PBXGroup;
			children = (
				3AE09EC028021B050016E1EF /* UserModel.swift */,
				3AABE0AE280261D300EB3623 /* CardModel.swift */,
				3AC468512823D8F8005540FC /* CardSearch.swift */,
			);
			path = Models;
			sourceTree = "<group>";
		};
		3AF5D72927E69E0C0095A4DC /* CreditScanner */ = {
			isa = PBXGroup;
			children = (
				3AF5D72D27E69E3C0095A4DC /* CameraView.swift */,
				3AF5D72C27E69E3C0095A4DC /* CreditCard.swift */,
				3AF5D72F27E69E3C0095A4DC /* CreditCardScannerError.swift */,
				3AF5D72B27E69E3C0095A4DC /* ImageAnalyzer.swift */,
				3AF5D72A27E69E3B0095A4DC /* ImageRatio.swift */,
				3AF5D73827E6B9CC0095A4DC /* Regex.swift */,
				3AF5D73A27E6BCD00095A4DC /* CardScannerController.swift */,
			);
			path = CreditScanner;
			sourceTree = "<group>";
		};
/* End PBXGroup section */

/* Begin PBXNativeTarget section */
		3A0FC94B270A52B600B6B2F6 /* ZaitsevBank */ = {
			isa = PBXNativeTarget;
			buildConfigurationList = 3A0FC963270A52BA00B6B2F6 /* Build configuration list for PBXNativeTarget "ZaitsevBank" */;
			buildPhases = (
				3A0FC948270A52B600B6B2F6 /* Sources */,
				3A0FC949270A52B600B6B2F6 /* Frameworks */,
				3A0FC94A270A52B600B6B2F6 /* Resources */,
			);
			buildRules = (
			);
			dependencies = (
			);
			name = ZaitsevBank;
			packageProductDependencies = (
				3A0787F32777207100F678DD /* RNCryptor */,
				3A0787F62777208400F678DD /* SWXMLHash */,
				3A8263A727D93BB200F96258 /* SwiftyJSON */,
				3A5851B52816D3D000A7D0F7 /* CameraPermission */,
				3A5851B72816D3D000A7D0F7 /* ContactsPermission */,
				3A5851B92816D3D000A7D0F7 /* NotificationPermission */,
			);
			productName = ZaitsevBank;
			productReference = 3A0FC94C270A52B600B6B2F6 /* ZaitsevBank.app */;
			productType = "com.apple.product-type.application";
		};
/* End PBXNativeTarget section */

/* Begin PBXProject section */
		3A0FC944270A52B600B6B2F6 /* Project object */ = {
			isa = PBXProject;
			attributes = {
				BuildIndependentTargetsInParallel = 1;
				KnownAssetTags = (
					Loading,
				);
				LastSwiftUpdateCheck = 1300;
				LastUpgradeCheck = 1300;
				TargetAttributes = {
					3A0FC94B270A52B600B6B2F6 = {
						CreatedOnToolsVersion = 13.0;
					};
				};
			};
			buildConfigurationList = 3A0FC947270A52B600B6B2F6 /* Build configuration list for PBXProject "ZaitsevBank" */;
			compatibilityVersion = "Xcode 13.0";
			developmentRegion = en;
			hasScannedForEncodings = 0;
			knownRegions = (
				en,
				Base,
				ru,
			);
			mainGroup = 3A0FC943270A52B600B6B2F6;
			packageReferences = (
				3A0787F22777207100F678DD /* XCRemoteSwiftPackageReference "RNCryptor" */,
				3A0787F52777208400F678DD /* XCRemoteSwiftPackageReference "SWXMLHash" */,
				3A8263A627D93BB100F96258 /* XCRemoteSwiftPackageReference "SwiftyJSON" */,
				3A5851B42816D3D000A7D0F7 /* XCRemoteSwiftPackageReference "PermissionsKit" */,
			);
			productRefGroup = 3A0FC94D270A52B600B6B2F6 /* Products */;
			projectDirPath = "";
			projectRoot = "";
			targets = (
				3A0FC94B270A52B600B6B2F6 /* ZaitsevBank */,
			);
		};
/* End PBXProject section */

/* Begin PBXResourcesBuildPhase section */
		3A0FC94A270A52B600B6B2F6 /* Resources */ = {
			isa = PBXResourcesBuildPhase;
			buildActionMask = 2147483647;
			files = (
				3A3700D427530DC700387894 /* CardViewer.storyboard in Resources */,
				3A07798F27122CF30026BCAD /* MainMenu.storyboard in Resources */,
				3AD95367271DC7AB0081D50A /* LocalPassword.xib in Resources */,
				3A3FAF0A28298D4300A8DE39 /* MorgenTest.mp3 in Resources */,
				3A0FC971270A546600B6B2F6 /* LoginForm.storyboard in Resources */,
				3A12C8752815A0B900EE1CC2 /* TransferMenu.storyboard in Resources */,
				3A21F5F82743CF9200D7E0CD /* ValuteMenu.storyboard in Resources */,
				3A3FAF082829841000A8DE39 /* ZaitsevPay.mp3 in Resources */,
				3A3AE94B271276FA001FF068 /* Loading.gif in Resources */,
				3A0FC95F270A52BA00B6B2F6 /* LaunchScreen.storyboard in Resources */,
				3A0FC95C270A52BA00B6B2F6 /* Assets.xcassets in Resources */,
			);
			runOnlyForDeploymentPostprocessing = 0;
		};
/* End PBXResourcesBuildPhase section */

/* Begin PBXSourcesBuildPhase section */
		3A0FC948270A52B600B6B2F6 /* Sources */ = {
			isa = PBXSourcesBuildPhase;
			buildActionMask = 2147483647;
			files = (
				3A97F280274441AD00A40224 /* ExchangeRateCell.swift in Sources */,
				3A85DED52713DF010059B5CB /* SettingApp.swift in Sources */,
				3AF5D73B27E6BCD00095A4DC /* CardScannerController.swift in Sources */,
				3A30489727139A010010A739 /* StartMenu.swift in Sources */,
				3A2CDE6C2710B022005F0CF4 /* LastRegController.swift in Sources */,
				3AF5D73227E69E3C0095A4DC /* CreditCard.swift in Sources */,
				3A82E62E272B645C0054F36C /* OffersViewCell.swift in Sources */,
				3A97F2822744477D00A40224 /* FullValuteMenu.swift in Sources */,
				3A0862E027382776000C5407 /* ValuteStructures.swift in Sources */,
				3A36DAF427417F5000F9CE9C /* CardGenerator.swift in Sources */,
				3A3FAF01282953C600A8DE39 /* TransactionTemplateController.swift in Sources */,
				3A6B52EA281425CC00C1D741 /* PaymentCell.swift in Sources */,
				3AB86B89270CADC7008D0823 /* Extension.swift in Sources */,
				3AABE0AF280261D300EB3623 /* CardModel.swift in Sources */,
				3A2BCAF62743E34000189086 /* ExchangeRateController.swift in Sources */,
				3A8D79A2273B1CB500B6EA98 /* ParametrsAddCardViewController.swift in Sources */,
				3AC468522823D8F8005540FC /* CardSearch.swift in Sources */,
				3A0FC950270A52B600B6B2F6 /* AppDelegate.swift in Sources */,
				3A3FAF0628297FF200A8DE39 /* TransactionTemplateCell.swift in Sources */,
				3AB8F10D2743E8F600469C94 /* Chart.swift in Sources */,
				3AA907722749990100C7581D /* CardPickController.swift in Sources */,
				3A74D85A2818244A004047B9 /* CardChoiceController.swift in Sources */,
				3A3FAEFE282945F100A8DE39 /* TransactionManager.swift in Sources */,
				3AF5D73127E69E3C0095A4DC /* ImageAnalyzer.swift in Sources */,
				3A6B52E0281346B400C1D741 /* HistroryOperationCell.swift in Sources */,
				3AF5D73527E69E3C0095A4DC /* CreditCardScannerError.swift in Sources */,
				3A0FC975270A54A000B6B2F6 /* LoginModel.swift in Sources */,
				3A6D957C2751CAE90064B11F /* API_DinamicValute.swift in Sources */,
				3A2EDDB12830542B00F47577 /* ContactCell.swift in Sources */,
				3AE09EBA28020CB80016E1EF /* ClientZaitsevBankAPI.swift in Sources */,
				3AE09EC328021C3A0016E1EF /* RequestResult.swift in Sources */,
				3AF5D73927E6B9CC0095A4DC /* Regex.swift in Sources */,
				3AD95369271DC7DA0081D50A /* LocalPassword.swift in Sources */,
				3A905B4C2830485900E92F65 /* TransferZaitsevClientController.swift in Sources */,
				3A9C9B792739DB0C009A2D4C /* PreferenceCardAddViewCell.swift in Sources */,
				3A6B52E82814210300C1D741 /* TransferCell.swift in Sources */,
				3A12C87A2815CCA600EE1CC2 /* TransferCameraController.swift in Sources */,
				3A30489A27139BAD0010A739 /* SafeLocalPassword.swift in Sources */,
				3AE09EBC28020E890016E1EF /* CheckCorrectAuthData.swift in Sources */,
				3A49B5142755701F00ECC979 /* FullCardCell.swift in Sources */,
				3AF977A92714EBD3006C1B87 /* Ecryption.swift in Sources */,
				3A62E9F228061DAE00173BD8 /* MenuBuyPayValuteController.swift in Sources */,
				3AB687EA272218B2002BD6EB /* NavigationTabBarMain.swift in Sources */,
				3A2EDDAE2830531B00F47577 /* TransferContactsModel.swift in Sources */,
				3AB687EC272220B6002BD6EB /* PaymentsController.swift in Sources */,
				3A12C8772815A60200EE1CC2 /* OperationPayments.swift in Sources */,
				3AB8F10B2743E8F600469C94 /* ChartSeries.swift in Sources */,
				3A0787FB2778854500F678DD /* API_VALUTE_FULL.swift in Sources */,
				3A3FAF0D282A95BD00A8DE39 /* TransferBetweenController.swift in Sources */,
				3AABE0AD28025CD200EB3623 /* CardsManager.swift in Sources */,
				3AB86B8D270D0A84008D0823 /* FirstRegController.swift in Sources */,
				3A49B5102755591300ECC979 /* FullCardController.swift in Sources */,
				3A3FAF0428297CD700A8DE39 /* TransactionTemplates.swift in Sources */,
				3A9C9B772739C82B009A2D4C /* CardAdd.swift in Sources */,
				3A0FC95A270A52B700B6B2F6 /* ZaitsevBank.xcdatamodeld in Sources */,
				3A6B52E628141F3E00C1D741 /* HistoryOperationPayments.swift in Sources */,
				3A97F27E2744148500A40224 /* ChartValuteController.swift in Sources */,
				3ACEFA9D2720AC6D004BD739 /* NavigationController.swift in Sources */,
				3A0788002778893F00F678DD /* ExtensionFuncBank.swift in Sources */,
				3ACEFAA32721EBB7004BD739 /* AuthFromFaceID.swift in Sources */,
				3A3AE94E271278A3001FF068 /* StartMainController.swift in Sources */,
				3A0FC952270A52B700B6B2F6 /* SceneDelegate.swift in Sources */,
				3AB687EE272221BC002BD6EB /* HistoryController.swift in Sources */,
				3A99391D2738B15B009B1B06 /* NewCardController.swift in Sources */,
				3A0787F92778851900F678DD /* API_VALUTE.swift in Sources */,
				3AE09EBE28021A5F0016E1EF /* AccountManager.swift in Sources */,
				3A835FD327320CD9000310EC /* ExchangeViewCell.swift in Sources */,
				3AB86B86270BAA62008D0823 /* RegistrationController.swift in Sources */,
				3A5EB0D6272D69ED0037D006 /* WalletViewCell.swift in Sources */,
				3A99391B2738B074009B1B06 /* CarAddViewCell.swift in Sources */,
				3AE09EC128021B050016E1EF /* UserModel.swift in Sources */,
				3AF977A32714E595006C1B87 /* CoreDataModel.swift in Sources */,
				3AF5D73027E69E3C0095A4DC /* ImageRatio.swift in Sources */,
				3A0FC973270A547E00B6B2F6 /* LoginController.swift in Sources */,
				3AB8F10C2743E8F600469C94 /* ChartColors.swift in Sources */,
				3AF5D73327E69E3C0095A4DC /* CameraView.swift in Sources */,
			);
			runOnlyForDeploymentPostprocessing = 0;
		};
/* End PBXSourcesBuildPhase section */

/* Begin PBXVariantGroup section */
		3A0FC95D270A52BA00B6B2F6 /* LaunchScreen.storyboard */ = {
			isa = PBXVariantGroup;
			children = (
				3A0FC95E270A52BA00B6B2F6 /* Base */,
				3A5851A22816A60700A7D0F7 /* ru */,
			);
			name = LaunchScreen.storyboard;
			sourceTree = "<group>";
		};
/* End PBXVariantGroup section */

/* Begin XCBuildConfiguration section */
		3A0FC961270A52BA00B6B2F6 /* Debug */ = {
			isa = XCBuildConfiguration;
			buildSettings = {
				ALWAYS_SEARCH_USER_PATHS = NO;
				CLANG_ANALYZER_LOCALIZABILITY_NONLOCALIZED = YES;
				CLANG_ANALYZER_NONNULL = YES;
				CLANG_ANALYZER_NUMBER_OBJECT_CONVERSION = YES_AGGRESSIVE;
				CLANG_CXX_LANGUAGE_STANDARD = "gnu++17";
				CLANG_CXX_LIBRARY = "libc++";
				CLANG_ENABLE_MODULES = YES;
				CLANG_ENABLE_OBJC_ARC = YES;
				CLANG_ENABLE_OBJC_WEAK = YES;
				CLANG_WARN_BLOCK_CAPTURE_AUTORELEASING = YES;
				CLANG_WARN_BOOL_CONVERSION = YES;
				CLANG_WARN_COMMA = YES;
				CLANG_WARN_CONSTANT_CONVERSION = YES;
				CLANG_WARN_DEPRECATED_OBJC_IMPLEMENTATIONS = YES;
				CLANG_WARN_DIRECT_OBJC_ISA_USAGE = YES_ERROR;
				CLANG_WARN_DOCUMENTATION_COMMENTS = YES;
				CLANG_WARN_EMPTY_BODY = YES;
				CLANG_WARN_ENUM_CONVERSION = YES;
				CLANG_WARN_INFINITE_RECURSION = YES;
				CLANG_WARN_INT_CONVERSION = YES;
				CLANG_WARN_NON_LITERAL_NULL_CONVERSION = YES;
				CLANG_WARN_OBJC_IMPLICIT_RETAIN_SELF = YES;
				CLANG_WARN_OBJC_LITERAL_CONVERSION = YES;
				CLANG_WARN_OBJC_ROOT_CLASS = YES_ERROR;
				CLANG_WARN_QUOTED_INCLUDE_IN_FRAMEWORK_HEADER = YES;
				CLANG_WARN_RANGE_LOOP_ANALYSIS = YES;
				CLANG_WARN_STRICT_PROTOTYPES = YES;
				CLANG_WARN_SUSPICIOUS_MOVE = YES;
				CLANG_WARN_UNGUARDED_AVAILABILITY = YES_AGGRESSIVE;
				CLANG_WARN_UNREACHABLE_CODE = YES;
				CLANG_WARN__DUPLICATE_METHOD_MATCH = YES;
				COPY_PHASE_STRIP = NO;
				DEBUG_INFORMATION_FORMAT = dwarf;
				ENABLE_STRICT_OBJC_MSGSEND = YES;
				ENABLE_TESTABILITY = YES;
				GCC_C_LANGUAGE_STANDARD = gnu11;
				GCC_DYNAMIC_NO_PIC = NO;
				GCC_NO_COMMON_BLOCKS = YES;
				GCC_OPTIMIZATION_LEVEL = 0;
				GCC_PREPROCESSOR_DEFINITIONS = (
					"DEBUG=1",
					"$(inherited)",
				);
				GCC_WARN_64_TO_32_BIT_CONVERSION = YES;
				GCC_WARN_ABOUT_RETURN_TYPE = YES_ERROR;
				GCC_WARN_UNDECLARED_SELECTOR = YES;
				GCC_WARN_UNINITIALIZED_AUTOS = YES_AGGRESSIVE;
				GCC_WARN_UNUSED_FUNCTION = YES;
				GCC_WARN_UNUSED_VARIABLE = YES;
				IPHONEOS_DEPLOYMENT_TARGET = 15.4;
				MTL_ENABLE_DEBUG_INFO = INCLUDE_SOURCE;
				MTL_FAST_MATH = YES;
				ONLY_ACTIVE_ARCH = YES;
				SDKROOT = iphoneos;
				SWIFT_ACTIVE_COMPILATION_CONDITIONS = DEBUG;
				SWIFT_OPTIMIZATION_LEVEL = "-Onone";
				SWIFT_VERSION = 5.0;
			};
			name = Debug;
		};
		3A0FC962270A52BA00B6B2F6 /* Release */ = {
			isa = XCBuildConfiguration;
			buildSettings = {
				ALWAYS_SEARCH_USER_PATHS = NO;
				CLANG_ANALYZER_LOCALIZABILITY_NONLOCALIZED = YES;
				CLANG_ANALYZER_NONNULL = YES;
				CLANG_ANALYZER_NUMBER_OBJECT_CONVERSION = YES_AGGRESSIVE;
				CLANG_CXX_LANGUAGE_STANDARD = "gnu++17";
				CLANG_CXX_LIBRARY = "libc++";
				CLANG_ENABLE_MODULES = YES;
				CLANG_ENABLE_OBJC_ARC = YES;
				CLANG_ENABLE_OBJC_WEAK = YES;
				CLANG_WARN_BLOCK_CAPTURE_AUTORELEASING = YES;
				CLANG_WARN_BOOL_CONVERSION = YES;
				CLANG_WARN_COMMA = YES;
				CLANG_WARN_CONSTANT_CONVERSION = YES;
				CLANG_WARN_DEPRECATED_OBJC_IMPLEMENTATIONS = YES;
				CLANG_WARN_DIRECT_OBJC_ISA_USAGE = YES_ERROR;
				CLANG_WARN_DOCUMENTATION_COMMENTS = YES;
				CLANG_WARN_EMPTY_BODY = YES;
				CLANG_WARN_ENUM_CONVERSION = YES;
				CLANG_WARN_INFINITE_RECURSION = YES;
				CLANG_WARN_INT_CONVERSION = YES;
				CLANG_WARN_NON_LITERAL_NULL_CONVERSION = YES;
				CLANG_WARN_OBJC_IMPLICIT_RETAIN_SELF = YES;
				CLANG_WARN_OBJC_LITERAL_CONVERSION = YES;
				CLANG_WARN_OBJC_ROOT_CLASS = YES_ERROR;
				CLANG_WARN_QUOTED_INCLUDE_IN_FRAMEWORK_HEADER = YES;
				CLANG_WARN_RANGE_LOOP_ANALYSIS = YES;
				CLANG_WARN_STRICT_PROTOTYPES = YES;
				CLANG_WARN_SUSPICIOUS_MOVE = YES;
				CLANG_WARN_UNGUARDED_AVAILABILITY = YES_AGGRESSIVE;
				CLANG_WARN_UNREACHABLE_CODE = YES;
				CLANG_WARN__DUPLICATE_METHOD_MATCH = YES;
				COPY_PHASE_STRIP = NO;
				DEBUG_INFORMATION_FORMAT = "dwarf-with-dsym";
				ENABLE_NS_ASSERTIONS = NO;
				ENABLE_STRICT_OBJC_MSGSEND = YES;
				GCC_C_LANGUAGE_STANDARD = gnu11;
				GCC_NO_COMMON_BLOCKS = YES;
				GCC_WARN_64_TO_32_BIT_CONVERSION = YES;
				GCC_WARN_ABOUT_RETURN_TYPE = YES_ERROR;
				GCC_WARN_UNDECLARED_SELECTOR = YES;
				GCC_WARN_UNINITIALIZED_AUTOS = YES_AGGRESSIVE;
				GCC_WARN_UNUSED_FUNCTION = YES;
				GCC_WARN_UNUSED_VARIABLE = YES;
				IPHONEOS_DEPLOYMENT_TARGET = 15.4;
				MTL_ENABLE_DEBUG_INFO = NO;
				MTL_FAST_MATH = YES;
				SDKROOT = iphoneos;
				SWIFT_COMPILATION_MODE = wholemodule;
				SWIFT_OPTIMIZATION_LEVEL = "-O";
				SWIFT_VERSION = 5.0;
				VALIDATE_PRODUCT = YES;
			};
			name = Release;
		};
		3A0FC964270A52BA00B6B2F6 /* Debug */ = {
			isa = XCBuildConfiguration;
			buildSettings = {
				ASSETCATALOG_COMPILER_APPICON_NAME = AppIcon;
				ASSETCATALOG_COMPILER_GLOBAL_ACCENT_COLOR_NAME = AccentColor;
				CODE_SIGN_IDENTITY = "Apple Development";
				CODE_SIGN_STYLE = Automatic;
				CURRENT_PROJECT_VERSION = 1;
				DEVELOPMENT_TEAM = NSG4H6VR66;
				GENERATE_INFOPLIST_FILE = YES;
				INFOPLIST_FILE = ZaitsevBank/Info.plist;
				INFOPLIST_KEY_UIApplicationSupportsIndirectInputEvents = YES;
				INFOPLIST_KEY_UILaunchStoryboardName = LaunchScreen;
				INFOPLIST_KEY_UIMainStoryboardFile = LoginForm;
				INFOPLIST_KEY_UISupportedInterfaceOrientations_iPad = "UIInterfaceOrientationPortrait UIInterfaceOrientationPortraitUpsideDown UIInterfaceOrientationLandscapeLeft UIInterfaceOrientationLandscapeRight";
				INFOPLIST_KEY_UISupportedInterfaceOrientations_iPhone = "UIInterfaceOrientationPortrait UIInterfaceOrientationLandscapeLeft UIInterfaceOrientationLandscapeRight";
				LD_RUNPATH_SEARCH_PATHS = (
					"$(inherited)",
					"@executable_path/Frameworks",
				);
				MARKETING_VERSION = 1.0;
				PRODUCT_BUNDLE_IDENTIFIER = com.zaitsev.ZaitsevBank;
				PRODUCT_NAME = "$(TARGET_NAME)";
				PROVISIONING_PROFILE_SPECIFIER = "";
				SWIFT_EMIT_LOC_STRINGS = YES;
				SWIFT_VERSION = 5.0;
				TARGETED_DEVICE_FAMILY = 1;
			};
			name = Debug;
		};
		3A0FC965270A52BA00B6B2F6 /* Release */ = {
			isa = XCBuildConfiguration;
			buildSettings = {
				ASSETCATALOG_COMPILER_APPICON_NAME = AppIcon;
				ASSETCATALOG_COMPILER_GLOBAL_ACCENT_COLOR_NAME = AccentColor;
				CODE_SIGN_IDENTITY = "Apple Development";
				CODE_SIGN_STYLE = Automatic;
				CURRENT_PROJECT_VERSION = 1;
				DEVELOPMENT_TEAM = NSG4H6VR66;
				GENERATE_INFOPLIST_FILE = YES;
				INFOPLIST_FILE = ZaitsevBank/Info.plist;
				INFOPLIST_KEY_UIApplicationSupportsIndirectInputEvents = YES;
				INFOPLIST_KEY_UILaunchStoryboardName = LaunchScreen;
				INFOPLIST_KEY_UIMainStoryboardFile = LoginForm;
				INFOPLIST_KEY_UISupportedInterfaceOrientations_iPad = "UIInterfaceOrientationPortrait UIInterfaceOrientationPortraitUpsideDown UIInterfaceOrientationLandscapeLeft UIInterfaceOrientationLandscapeRight";
				INFOPLIST_KEY_UISupportedInterfaceOrientations_iPhone = "UIInterfaceOrientationPortrait UIInterfaceOrientationLandscapeLeft UIInterfaceOrientationLandscapeRight";
				LD_RUNPATH_SEARCH_PATHS = (
					"$(inherited)",
					"@executable_path/Frameworks",
				);
				MARKETING_VERSION = 1.0;
				PRODUCT_BUNDLE_IDENTIFIER = com.zaitsev.ZaitsevBank;
				PRODUCT_NAME = "$(TARGET_NAME)";
				PROVISIONING_PROFILE_SPECIFIER = "";
				SWIFT_EMIT_LOC_STRINGS = YES;
				SWIFT_VERSION = 5.0;
				TARGETED_DEVICE_FAMILY = 1;
			};
			name = Release;
		};
/* End XCBuildConfiguration section */

/* Begin XCConfigurationList section */
		3A0FC947270A52B600B6B2F6 /* Build configuration list for PBXProject "ZaitsevBank" */ = {
			isa = XCConfigurationList;
			buildConfigurations = (
				3A0FC961270A52BA00B6B2F6 /* Debug */,
				3A0FC962270A52BA00B6B2F6 /* Release */,
			);
			defaultConfigurationIsVisible = 0;
			defaultConfigurationName = Debug;
		};
		3A0FC963270A52BA00B6B2F6 /* Build configuration list for PBXNativeTarget "ZaitsevBank" */ = {
			isa = XCConfigurationList;
			buildConfigurations = (
				3A0FC964270A52BA00B6B2F6 /* Debug */,
				3A0FC965270A52BA00B6B2F6 /* Release */,
			);
			defaultConfigurationIsVisible = 0;
			defaultConfigurationName = Debug;
		};
/* End XCConfigurationList section */

/* Begin XCRemoteSwiftPackageReference section */
		3A0787F22777207100F678DD /* XCRemoteSwiftPackageReference "RNCryptor" */ = {
			isa = XCRemoteSwiftPackageReference;
			repositoryURL = "https://github.com/RNCryptor/RNCryptor";
			requirement = {
				kind = upToNextMajorVersion;
				minimumVersion = 5.0.0;
			};
		};
		3A0787F52777208400F678DD /* XCRemoteSwiftPackageReference "SWXMLHash" */ = {
			isa = XCRemoteSwiftPackageReference;
			repositoryURL = "https://github.com/drmohundro/SWXMLHash";
			requirement = {
				kind = upToNextMajorVersion;
				minimumVersion = 6.0.0;
			};
		};
		3A5851B42816D3D000A7D0F7 /* XCRemoteSwiftPackageReference "PermissionsKit" */ = {
			isa = XCRemoteSwiftPackageReference;
			repositoryURL = "https://github.com/sparrowcode/PermissionsKit";
			requirement = {
				kind = upToNextMajorVersion;
				minimumVersion = 8.0.0;
			};
		};
		3A8263A627D93BB100F96258 /* XCRemoteSwiftPackageReference "SwiftyJSON" */ = {
			isa = XCRemoteSwiftPackageReference;
			repositoryURL = "https://github.com/SwiftyJSON/SwiftyJSON";
			requirement = {
				kind = upToNextMajorVersion;
				minimumVersion = 5.0.0;
			};
		};
/* End XCRemoteSwiftPackageReference section */

/* Begin XCSwiftPackageProductDependency section */
		3A0787F32777207100F678DD /* RNCryptor */ = {
			isa = XCSwiftPackageProductDependency;
			package = 3A0787F22777207100F678DD /* XCRemoteSwiftPackageReference "RNCryptor" */;
			productName = RNCryptor;
		};
		3A0787F62777208400F678DD /* SWXMLHash */ = {
			isa = XCSwiftPackageProductDependency;
			package = 3A0787F52777208400F678DD /* XCRemoteSwiftPackageReference "SWXMLHash" */;
			productName = SWXMLHash;
		};
		3A5851B52816D3D000A7D0F7 /* CameraPermission */ = {
			isa = XCSwiftPackageProductDependency;
			package = 3A5851B42816D3D000A7D0F7 /* XCRemoteSwiftPackageReference "PermissionsKit" */;
			productName = CameraPermission;
		};
		3A5851B72816D3D000A7D0F7 /* ContactsPermission */ = {
			isa = XCSwiftPackageProductDependency;
			package = 3A5851B42816D3D000A7D0F7 /* XCRemoteSwiftPackageReference "PermissionsKit" */;
			productName = ContactsPermission;
		};
		3A5851B92816D3D000A7D0F7 /* NotificationPermission */ = {
			isa = XCSwiftPackageProductDependency;
			package = 3A5851B42816D3D000A7D0F7 /* XCRemoteSwiftPackageReference "PermissionsKit" */;
			productName = NotificationPermission;
		};
		3A8263A727D93BB200F96258 /* SwiftyJSON */ = {
			isa = XCSwiftPackageProductDependency;
			package = 3A8263A627D93BB100F96258 /* XCRemoteSwiftPackageReference "SwiftyJSON" */;
			productName = SwiftyJSON;
		};
/* End XCSwiftPackageProductDependency section */

/* Begin XCVersionGroup section */
		3A0FC958270A52B700B6B2F6 /* ZaitsevBank.xcdatamodeld */ = {
			isa = XCVersionGroup;
			children = (
				3A0FC959270A52B700B6B2F6 /* ZaitsevBank.xcdatamodel */,
			);
			currentVersion = 3A0FC959270A52B700B6B2F6 /* ZaitsevBank.xcdatamodel */;
			path = ZaitsevBank.xcdatamodeld;
			sourceTree = "<group>";
			versionGroupType = wrapper.xcdatamodel;
		};
/* End XCVersionGroup section */
	};
	rootObject = 3A0FC944270A52B600B6B2F6 /* Project object */;
}
