{
  "pins" : [
    {
      "identity" : "permissionskit",
      "kind" : "remoteSourceControl",
      "location" : "https://github.com/sparrowcode/PermissionsKit",
      "state" : {
        "revision" : "098f1455339a7f3ef57603260ca767a6544785b9",
        "version" : "8.0.1"
      }
    },
    {
      "identity" : "rncryptor",
      "kind" : "remoteSourceControl",
      "location" : "https://github.com/RNCryptor/RNCryptor",
      "state" : {
        "revision" : "5e3bbf44f08bf90049537cb8902d8f4fa911a79a",
        "version" : "5.1.0"
      }
    },
    {
      "identity" : "swiftyjson",
      "kind" : "remoteSourceControl",
      "location" : "https://github.com/SwiftyJSON/SwiftyJSON",
      "state" : {
        "revision" : "b3dcd7dbd0d488e1a7077cb33b00f2083e382f07",
        "version" : "5.0.1"
      }
    },
    {
      "identity" : "swxmlhash",
      "kind" : "remoteSourceControl",
      "location" : "https://github.com/drmohundro/SWXMLHash",
      "state" : {
        "revision" : "4d0f62f561458cbe1f732171e625f03195151b60",
        "version" : "7.0.1"
      }
    }
  ],
  "version" : 2
}
